// !$*UTF8*$!
{
	archiveVersion = 1;
	classes = {
	};
	objectVersion = 50;
	objects = {

/* Begin PBXBuildFile section */
		8C00AF6B238412A6001FB22F /* AppReducer.swift in Sources */ = {isa = PBXBuildFile; fileRef = 8C00AF692384120C001FB22F /* AppReducer.swift */; };
		8C00AF6C238412A7001FB22F /* AppReducer.swift in Sources */ = {isa = PBXBuildFile; fileRef = 8C00AF692384120C001FB22F /* AppReducer.swift */; };
		8C0393D7237D661700AB1C95 /* Toggl_Track_WatchOS.h in Headers */ = {isa = PBXBuildFile; fileRef = 8C0393D5237D661700AB1C95 /* Toggl_Track_WatchOS.h */; settings = {ATTRIBUTES = (Public, ); }; };
		8C0393E9237D664400AB1C95 /* TogglTrack.framework in Frameworks */ = {isa = PBXBuildFile; fileRef = 8C0393E0237D664400AB1C95 /* TogglTrack.framework */; };
		8C0393F0237D664400AB1C95 /* Toggl_Track_iOS.h in Headers */ = {isa = PBXBuildFile; fileRef = 8C0393E2237D664400AB1C95 /* Toggl_Track_iOS.h */; settings = {ATTRIBUTES = (Public, ); }; };
		8C0393F7237D666C00AB1C95 /* TimeIntervalExtensions.swift in Sources */ = {isa = PBXBuildFile; fileRef = 8CC5FE9B2355E2E700D33237 /* TimeIntervalExtensions.swift */; };
		8C0393F8237D666C00AB1C95 /* TimeIntervalExtensions.swift in Sources */ = {isa = PBXBuildFile; fileRef = 8CC5FE9B2355E2E700D33237 /* TimeIntervalExtensions.swift */; };
		8C0393F9237D667100AB1C95 /* timeentries.txt in Resources */ = {isa = PBXBuildFile; fileRef = 8C76C1E223685A1A00AA36E5 /* timeentries.txt */; };
		8C0393FA237D667100AB1C95 /* workspaces.txt in Resources */ = {isa = PBXBuildFile; fileRef = 8C76C1E5236865DC00AA36E5 /* workspaces.txt */; };
		8C0393FB237D667100AB1C95 /* projects.txt in Resources */ = {isa = PBXBuildFile; fileRef = 8C76C1E72368678B00AA36E5 /* projects.txt */; };
		8C0393FC237D667100AB1C95 /* clients.txt in Resources */ = {isa = PBXBuildFile; fileRef = 8C76C1E9236867A900AA36E5 /* clients.txt */; };
		8C0393FD237D667100AB1C95 /* tags.txt in Resources */ = {isa = PBXBuildFile; fileRef = 8C76C1EB236867C400AA36E5 /* tags.txt */; };
		8C0393FE237D667100AB1C95 /* Endpoint.swift in Sources */ = {isa = PBXBuildFile; fileRef = 8C9686C22366B84700D7865E /* Endpoint.swift */; };
		8C0393FF237D667100AB1C95 /* URLSessionExtension.swift in Sources */ = {isa = PBXBuildFile; fileRef = 8C9686C42366E65700D7865E /* URLSessionExtension.swift */; };
		8C039400237D667100AB1C95 /* FakeURLSession.swift in Sources */ = {isa = PBXBuildFile; fileRef = 8C5645CB2379B8D4002E83B3 /* FakeURLSession.swift */; };
		8C039401237D667100AB1C95 /* Errors.swift in Sources */ = {isa = PBXBuildFile; fileRef = 8C601BC323683BEC00E87BFB /* Errors.swift */; };
		8C039402237D667100AB1C95 /* timeentries.txt in Resources */ = {isa = PBXBuildFile; fileRef = 8C76C1E223685A1A00AA36E5 /* timeentries.txt */; };
		8C039403237D667100AB1C95 /* workspaces.txt in Resources */ = {isa = PBXBuildFile; fileRef = 8C76C1E5236865DC00AA36E5 /* workspaces.txt */; };
		8C039404237D667100AB1C95 /* projects.txt in Resources */ = {isa = PBXBuildFile; fileRef = 8C76C1E72368678B00AA36E5 /* projects.txt */; };
		8C039405237D667100AB1C95 /* clients.txt in Resources */ = {isa = PBXBuildFile; fileRef = 8C76C1E9236867A900AA36E5 /* clients.txt */; };
		8C039406237D667100AB1C95 /* tags.txt in Resources */ = {isa = PBXBuildFile; fileRef = 8C76C1EB236867C400AA36E5 /* tags.txt */; };
		8C039407237D667100AB1C95 /* Endpoint.swift in Sources */ = {isa = PBXBuildFile; fileRef = 8C9686C22366B84700D7865E /* Endpoint.swift */; };
		8C039408237D667100AB1C95 /* URLSessionExtension.swift in Sources */ = {isa = PBXBuildFile; fileRef = 8C9686C42366E65700D7865E /* URLSessionExtension.swift */; };
		8C039409237D667100AB1C95 /* FakeURLSession.swift in Sources */ = {isa = PBXBuildFile; fileRef = 8C5645CB2379B8D4002E83B3 /* FakeURLSession.swift */; };
		8C03940A237D667100AB1C95 /* Errors.swift in Sources */ = {isa = PBXBuildFile; fileRef = 8C601BC323683BEC00E87BFB /* Errors.swift */; };
		8C03940B237D667500AB1C95 /* Store.swift in Sources */ = {isa = PBXBuildFile; fileRef = 8CC5FE822355B3EF00D33237 /* Store.swift */; };
		8C03940C237D667500AB1C95 /* Effect.swift in Sources */ = {isa = PBXBuildFile; fileRef = 8CA9502C2369E59A0076BDA4 /* Effect.swift */; };
		8C03940D237D667500AB1C95 /* Reducer.swift in Sources */ = {isa = PBXBuildFile; fileRef = 8CA9502E2369E5B10076BDA4 /* Reducer.swift */; };
		8C03940E237D667500AB1C95 /* Store.swift in Sources */ = {isa = PBXBuildFile; fileRef = 8CC5FE822355B3EF00D33237 /* Store.swift */; };
		8C03940F237D667500AB1C95 /* Effect.swift in Sources */ = {isa = PBXBuildFile; fileRef = 8CA9502C2369E59A0076BDA4 /* Effect.swift */; };
		8C039410237D667500AB1C95 /* Reducer.swift in Sources */ = {isa = PBXBuildFile; fileRef = 8CA9502E2369E5B10076BDA4 /* Reducer.swift */; };
		8C039411237D667900AB1C95 /* TimeEntry.swift in Sources */ = {isa = PBXBuildFile; fileRef = 8CC5FE8A2355B8CA00D33237 /* TimeEntry.swift */; };
		8C039412237D667900AB1C95 /* Project.swift in Sources */ = {isa = PBXBuildFile; fileRef = 8CC5FE8C2355B98C00D33237 /* Project.swift */; };
		8C039413237D667900AB1C95 /* Workspace.swift in Sources */ = {isa = PBXBuildFile; fileRef = 8CC5FE8E2355BA7400D33237 /* Workspace.swift */; };
		8C039414237D667900AB1C95 /* Tag.swift in Sources */ = {isa = PBXBuildFile; fileRef = 8CC5FE902355BB8E00D33237 /* Tag.swift */; };
		8C039415237D667900AB1C95 /* Client.swift in Sources */ = {isa = PBXBuildFile; fileRef = 8CC5FE922355BDB200D33237 /* Client.swift */; };
		8C039416237D667900AB1C95 /* TimeEntryModel.swift in Sources */ = {isa = PBXBuildFile; fileRef = 8C9686C0236307FD00D7865E /* TimeEntryModel.swift */; };
		8C039417237D667900AB1C95 /* TimeEntry.swift in Sources */ = {isa = PBXBuildFile; fileRef = 8CC5FE8A2355B8CA00D33237 /* TimeEntry.swift */; };
		8C039418237D667900AB1C95 /* Project.swift in Sources */ = {isa = PBXBuildFile; fileRef = 8CC5FE8C2355B98C00D33237 /* Project.swift */; };
		8C039419237D667900AB1C95 /* Workspace.swift in Sources */ = {isa = PBXBuildFile; fileRef = 8CC5FE8E2355BA7400D33237 /* Workspace.swift */; };
		8C03941A237D667900AB1C95 /* Tag.swift in Sources */ = {isa = PBXBuildFile; fileRef = 8CC5FE902355BB8E00D33237 /* Tag.swift */; };
		8C03941B237D667900AB1C95 /* Client.swift in Sources */ = {isa = PBXBuildFile; fileRef = 8CC5FE922355BDB200D33237 /* Client.swift */; };
		8C03941C237D667900AB1C95 /* TimeEntryModel.swift in Sources */ = {isa = PBXBuildFile; fileRef = 8C9686C0236307FD00D7865E /* TimeEntryModel.swift */; };
		8C03941D237D667C00AB1C95 /* API.swift in Sources */ = {isa = PBXBuildFile; fileRef = 8C3B2C9B23619321008295D8 /* API.swift */; };
		8C03941E237D667C00AB1C95 /* API.swift in Sources */ = {isa = PBXBuildFile; fileRef = 8C3B2C9B23619321008295D8 /* API.swift */; };
		8C039421237D668000AB1C95 /* TimelineReducer.swift in Sources */ = {isa = PBXBuildFile; fileRef = 8CC5FE9E2355E70200D33237 /* TimelineReducer.swift */; };
		8C039422237D668000AB1C95 /* HighOrderReducers.swift in Sources */ = {isa = PBXBuildFile; fileRef = 8CA950B523746C400076BDA4 /* HighOrderReducers.swift */; };
		8C039425237D668100AB1C95 /* TimelineReducer.swift in Sources */ = {isa = PBXBuildFile; fileRef = 8CC5FE9E2355E70200D33237 /* TimelineReducer.swift */; };
		8C039426237D668100AB1C95 /* HighOrderReducers.swift in Sources */ = {isa = PBXBuildFile; fileRef = 8CA950B523746C400076BDA4 /* HighOrderReducers.swift */; };
		8C039427237D668500AB1C95 /* AppState.swift in Sources */ = {isa = PBXBuildFile; fileRef = 8CA94FF423698A550076BDA4 /* AppState.swift */; };
		8C039428237D668600AB1C95 /* AppState.swift in Sources */ = {isa = PBXBuildFile; fileRef = 8CA94FF423698A550076BDA4 /* AppState.swift */; };
		8C039429237D668B00AB1C95 /* AppAction.swift in Sources */ = {isa = PBXBuildFile; fileRef = 8CA9506C237329440076BDA4 /* AppAction.swift */; };
		8C03942A237D668B00AB1C95 /* TimeEntryAction.swift in Sources */ = {isa = PBXBuildFile; fileRef = 8CA9508323732DA40076BDA4 /* TimeEntryAction.swift */; };
		8C03942B237D668B00AB1C95 /* EntityAction.swift in Sources */ = {isa = PBXBuildFile; fileRef = 8CA9508523732DC10076BDA4 /* EntityAction.swift */; };
		8C03942D237D668B00AB1C95 /* AppEnvironment.swift in Sources */ = {isa = PBXBuildFile; fileRef = 8CA95069237329100076BDA4 /* AppEnvironment.swift */; };
		8C03942E237D668B00AB1C95 /* AppAction.swift in Sources */ = {isa = PBXBuildFile; fileRef = 8CA9506C237329440076BDA4 /* AppAction.swift */; };
		8C03942F237D668B00AB1C95 /* TimeEntryAction.swift in Sources */ = {isa = PBXBuildFile; fileRef = 8CA9508323732DA40076BDA4 /* TimeEntryAction.swift */; };
		8C039430237D668B00AB1C95 /* EntityAction.swift in Sources */ = {isa = PBXBuildFile; fileRef = 8CA9508523732DC10076BDA4 /* EntityAction.swift */; };
		8C039432237D668B00AB1C95 /* AppEnvironment.swift in Sources */ = {isa = PBXBuildFile; fileRef = 8CA95069237329100076BDA4 /* AppEnvironment.swift */; };
		8C039433237D693E00AB1C95 /* URLProtocolMock.swift in Sources */ = {isa = PBXBuildFile; fileRef = 8C5645C72379B07B002E83B3 /* URLProtocolMock.swift */; };
		8C039434237D693E00AB1C95 /* URLSessionTests.swift in Sources */ = {isa = PBXBuildFile; fileRef = 8C5645BF2379B037002E83B3 /* URLSessionTests.swift */; };
		8C039435237D693E00AB1C95 /* EndpointTests.swift in Sources */ = {isa = PBXBuildFile; fileRef = 8C5645C12379B049002E83B3 /* EndpointTests.swift */; };
		8C039436237D775A00AB1C95 /* TogglTrack.framework in Frameworks */ = {isa = PBXBuildFile; fileRef = 8C0393D3237D661700AB1C95 /* TogglTrack.framework */; };
		8C039437237D775A00AB1C95 /* TogglTrack.framework in Embed Frameworks */ = {isa = PBXBuildFile; fileRef = 8C0393D3237D661700AB1C95 /* TogglTrack.framework */; settings = {ATTRIBUTES = (CodeSignOnCopy, RemoveHeadersOnCopy, ); }; };
		8C24496F2385497100F087E9 /* ContentView.swift in Sources */ = {isa = PBXBuildFile; fileRef = 8CC5FE612355B3AB00D33237 /* ContentView.swift */; };
		8C2449722385568700F087E9 /* EntityReducer.swift in Sources */ = {isa = PBXBuildFile; fileRef = 8C2449702385568700F087E9 /* EntityReducer.swift */; };
		8C2753E823880F0E00CFF255 /* ArrayExtensions.swift in Sources */ = {isa = PBXBuildFile; fileRef = 8C2753E623880E6B00CFF255 /* ArrayExtensions.swift */; };
		8C2753E923880F0E00CFF255 /* ArrayExtensions.swift in Sources */ = {isa = PBXBuildFile; fileRef = 8C2753E623880E6B00CFF255 /* ArrayExtensions.swift */; };
		8C2753EC2388106300CFF255 /* DateExtensions.swift in Sources */ = {isa = PBXBuildFile; fileRef = 8C2753EA2388104800CFF255 /* DateExtensions.swift */; };
		8C2753ED2388106300CFF255 /* DateExtensions.swift in Sources */ = {isa = PBXBuildFile; fileRef = 8C2753EA2388104800CFF255 /* DateExtensions.swift */; };
		8C3134032383019F0095E309 /* MockKeychain.swift in Sources */ = {isa = PBXBuildFile; fileRef = 8C3134022383019F0095E309 /* MockKeychain.swift */; };
		8C3134042383D47C0095E309 /* ErrorExtensions.swift in Sources */ = {isa = PBXBuildFile; fileRef = 8CA6EC5D2382B9F000F7C9B5 /* ErrorExtensions.swift */; };
		8C795102238EC05900FBB5D6 /* WrappedListView.swift in Sources */ = {isa = PBXBuildFile; fileRef = 8CA39FC1238E617D00000846 /* WrappedListView.swift */; };
		8C795103238EC05A00FBB5D6 /* WrappedListView.swift in Sources */ = {isa = PBXBuildFile; fileRef = 8CA39FC1238E617D00000846 /* WrappedListView.swift */; };
		8C79510A238EC0A800FBB5D6 /* WrappedListCell.swift in Sources */ = {isa = PBXBuildFile; fileRef = 8C795108238EC09300FBB5D6 /* WrappedListCell.swift */; };
		8C79510B238EC0A800FBB5D6 /* WrappedListCell.swift in Sources */ = {isa = PBXBuildFile; fileRef = 8C795108238EC09300FBB5D6 /* WrappedListCell.swift */; };
		8C79510D238EC40300FBB5D6 /* TagsView.swift in Sources */ = {isa = PBXBuildFile; fileRef = 8C79510C238EC40300FBB5D6 /* TagsView.swift */; };
		8C795110238FE10500FBB5D6 /* ObservableTimer.swift in Sources */ = {isa = PBXBuildFile; fileRef = 8C79510E238FE0F600FBB5D6 /* ObservableTimer.swift */; };
		8C795111238FE10600FBB5D6 /* ObservableTimer.swift in Sources */ = {isa = PBXBuildFile; fileRef = 8C79510E238FE0F600FBB5D6 /* ObservableTimer.swift */; };
		8C795113238FEC3500FBB5D6 /* ProjectTextView.swift in Sources */ = {isa = PBXBuildFile; fileRef = 8C795112238FEC3500FBB5D6 /* ProjectTextView.swift */; };
		8C79511623953C6800FBB5D6 /* RangeExtensions.swift in Sources */ = {isa = PBXBuildFile; fileRef = 8C79511423953C6100FBB5D6 /* RangeExtensions.swift */; };
		8C79511723953C6900FBB5D6 /* RangeExtensions.swift in Sources */ = {isa = PBXBuildFile; fileRef = 8C79511423953C6100FBB5D6 /* RangeExtensions.swift */; };
		8C79511B23967BA700FBB5D6 /* DateService.swift in Sources */ = {isa = PBXBuildFile; fileRef = 8C79511923967B0800FBB5D6 /* DateService.swift */; };
		8C79511C23967BA800FBB5D6 /* DateService.swift in Sources */ = {isa = PBXBuildFile; fileRef = 8C79511923967B0800FBB5D6 /* DateService.swift */; };
		8C79511E23967D1E00FBB5D6 /* MockDateService.swift in Sources */ = {isa = PBXBuildFile; fileRef = 8C79511D23967D1E00FBB5D6 /* MockDateService.swift */; };
		8C88AF4123840F1B00F67EC3 /* Task.swift in Sources */ = {isa = PBXBuildFile; fileRef = 8C3134052383D7C40095E309 /* Task.swift */; };
		8C88AF4223840F1B00F67EC3 /* Task.swift in Sources */ = {isa = PBXBuildFile; fileRef = 8C3134052383D7C40095E309 /* Task.swift */; };
		8C88DEAB238BD2CE007D7A09 /* EntityReducerTests.swift in Sources */ = {isa = PBXBuildFile; fileRef = 8C88DEAA238BD2CE007D7A09 /* EntityReducerTests.swift */; };
		8C88DEAD238BD340007D7A09 /* AppReducerTests.swift in Sources */ = {isa = PBXBuildFile; fileRef = 8C88DEAC238BD340007D7A09 /* AppReducerTests.swift */; };
		8C88DEAF238BFA4E007D7A09 /* TimeEntryDetailView.swift in Sources */ = {isa = PBXBuildFile; fileRef = 8C88DEAE238BFA4E007D7A09 /* TimeEntryDetailView.swift */; };
		8C88DEB2238D39FD007D7A09 /* ProjectTaskClientTextView.swift in Sources */ = {isa = PBXBuildFile; fileRef = 8C88DEB1238D39FD007D7A09 /* ProjectTaskClientTextView.swift */; };
		8CA16E7A237D7F2400AD5A96 /* APITests.swift in Sources */ = {isa = PBXBuildFile; fileRef = 8CA16E79237D7F2400AD5A96 /* APITests.swift */; };
		8CA16E7D237D7F6300AD5A96 /* MockURLSession.swift in Sources */ = {isa = PBXBuildFile; fileRef = 8CA16E7C237D7F6300AD5A96 /* MockURLSession.swift */; };
		8CA16E80237D9A9500AD5A96 /* LoginView.swift in Sources */ = {isa = PBXBuildFile; fileRef = 8CA16E7F237D9A9500AD5A96 /* LoginView.swift */; };
		8CA6EC582382995000F7C9B5 /* UserReducerTests.swift in Sources */ = {isa = PBXBuildFile; fileRef = 8CA6EC572382995000F7C9B5 /* UserReducerTests.swift */; };
		8CA6EC5B2382A63300F7C9B5 /* MockAPI.swift in Sources */ = {isa = PBXBuildFile; fileRef = 8CA6EC5A2382A63300F7C9B5 /* MockAPI.swift */; };
		8CA6EC602382BF3900F7C9B5 /* ErrorExtensions.swift in Sources */ = {isa = PBXBuildFile; fileRef = 8CA6EC5D2382B9F000F7C9B5 /* ErrorExtensions.swift */; };
		8CA9509D237417FD0076BDA4 /* TimeEntryCellView.swift in Sources */ = {isa = PBXBuildFile; fileRef = 8CC5FEA32355E74400D33237 /* TimeEntryCellView.swift */; };
		8CA9509E237418000076BDA4 /* Timeline.swift in Sources */ = {isa = PBXBuildFile; fileRef = 8CC5FE962355D77C00D33237 /* Timeline.swift */; };
		8CBC9CFA2385598D00A133CF /* EntityReducer.swift in Sources */ = {isa = PBXBuildFile; fileRef = 8C2449702385568700F087E9 /* EntityReducer.swift */; };
		8CC5FE4E2355B3A900D33237 /* TogglWatch WatchKit App.app in Embed Watch Content */ = {isa = PBXBuildFile; fileRef = 8CC5FE4D2355B3A900D33237 /* TogglWatch WatchKit App.app */; settings = {ATTRIBUTES = (RemoveHeadersOnCopy, ); }; };
		8CC5FE542355B3A900D33237 /* Interface.storyboard in Resources */ = {isa = PBXBuildFile; fileRef = 8CC5FE522355B3A900D33237 /* Interface.storyboard */; };
		8CC5FE562355B3AB00D33237 /* Assets.xcassets in Resources */ = {isa = PBXBuildFile; fileRef = 8CC5FE552355B3AB00D33237 /* Assets.xcassets */; };
		8CC5FE5D2355B3AB00D33237 /* TogglWatch WatchKit Extension.appex in Embed App Extensions */ = {isa = PBXBuildFile; fileRef = 8CC5FE5C2355B3AB00D33237 /* TogglWatch WatchKit Extension.appex */; settings = {ATTRIBUTES = (RemoveHeadersOnCopy, ); }; };
		8CC5FE642355B3AB00D33237 /* HostingController.swift in Sources */ = {isa = PBXBuildFile; fileRef = 8CC5FE632355B3AB00D33237 /* HostingController.swift */; };
		8CC5FE662355B3AB00D33237 /* ExtensionDelegate.swift in Sources */ = {isa = PBXBuildFile; fileRef = 8CC5FE652355B3AB00D33237 /* ExtensionDelegate.swift */; };
		8CC5FE682355B3AB00D33237 /* NotificationController.swift in Sources */ = {isa = PBXBuildFile; fileRef = 8CC5FE672355B3AB00D33237 /* NotificationController.swift */; };
		8CC5FE6A2355B3AB00D33237 /* NotificationView.swift in Sources */ = {isa = PBXBuildFile; fileRef = 8CC5FE692355B3AB00D33237 /* NotificationView.swift */; };
		8CC5FE6C2355B3AB00D33237 /* ComplicationController.swift in Sources */ = {isa = PBXBuildFile; fileRef = 8CC5FE6B2355B3AB00D33237 /* ComplicationController.swift */; };
		8CC5FE6E2355B3AC00D33237 /* Assets.xcassets in Resources */ = {isa = PBXBuildFile; fileRef = 8CC5FE6D2355B3AC00D33237 /* Assets.xcassets */; };
		8CC5FE712355B3AC00D33237 /* Preview Assets.xcassets in Resources */ = {isa = PBXBuildFile; fileRef = 8CC5FE702355B3AC00D33237 /* Preview Assets.xcassets */; };
		AC02174023967C12006441A3 /* RunningTimeEntrySelectorTest.swift in Sources */ = {isa = PBXBuildFile; fileRef = AC02173F23967C12006441A3 /* RunningTimeEntrySelectorTest.swift */; };
		AC0217442396A256006441A3 /* RunningTimeEntryView.swift in Sources */ = {isa = PBXBuildFile; fileRef = AC0217432396A256006441A3 /* RunningTimeEntryView.swift */; };
		AC19DC9B237D79420009106D /* User.swift in Sources */ = {isa = PBXBuildFile; fileRef = AC19DC99237D772E0009106D /* User.swift */; };
		AC19DC9C237D79420009106D /* User.swift in Sources */ = {isa = PBXBuildFile; fileRef = AC19DC99237D772E0009106D /* User.swift */; };
		AC19DCA0237EAB130009106D /* LoginAction.swift in Sources */ = {isa = PBXBuildFile; fileRef = AC19DC9F237EAB130009106D /* LoginAction.swift */; };
		AC19DCA1237EAB130009106D /* LoginAction.swift in Sources */ = {isa = PBXBuildFile; fileRef = AC19DC9F237EAB130009106D /* LoginAction.swift */; };
		AC19DCA3237EAC8B0009106D /* LoginReducer.swift in Sources */ = {isa = PBXBuildFile; fileRef = AC19DCA2237EAC8B0009106D /* LoginReducer.swift */; };
		AC19DCA4237EAC8B0009106D /* LoginReducer.swift in Sources */ = {isa = PBXBuildFile; fileRef = AC19DCA2237EAC8B0009106D /* LoginReducer.swift */; };
		AC19DCA6237ED1960009106D /* KeychainService.swift in Sources */ = {isa = PBXBuildFile; fileRef = AC19DCA5237ED1960009106D /* KeychainService.swift */; };
		AC19DCA7237ED1960009106D /* KeychainService.swift in Sources */ = {isa = PBXBuildFile; fileRef = AC19DCA5237ED1960009106D /* KeychainService.swift */; };
		ACEAE4AF23858FF7009C7A26 /* TimelineReducerTests.swift in Sources */ = {isa = PBXBuildFile; fileRef = ACEAE4AE23858FF7009C7A26 /* TimelineReducerTests.swift */; };
		ACEAE4B4238694FE009C7A26 /* ReducerErrors.swift in Sources */ = {isa = PBXBuildFile; fileRef = ACEAE4B3238694FE009C7A26 /* ReducerErrors.swift */; };
		ACEAE4B5238694FE009C7A26 /* ReducerErrors.swift in Sources */ = {isa = PBXBuildFile; fileRef = ACEAE4B3238694FE009C7A26 /* ReducerErrors.swift */; };
		ACEAE4BC2386D5F6009C7A26 /* Memoize.swift in Sources */ = {isa = PBXBuildFile; fileRef = ACEAE4B82386C231009C7A26 /* Memoize.swift */; };
		ACEAE4BD2386D5F7009C7A26 /* Memoize.swift in Sources */ = {isa = PBXBuildFile; fileRef = ACEAE4B82386C231009C7A26 /* Memoize.swift */; };
		ACEAE4C023884010009C7A26 /* ColorExtension.swift in Sources */ = {isa = PBXBuildFile; fileRef = ACEAE4BE2388400A009C7A26 /* ColorExtension.swift */; };
		ACEAE4C123884011009C7A26 /* ColorExtension.swift in Sources */ = {isa = PBXBuildFile; fileRef = ACEAE4BE2388400A009C7A26 /* ColorExtension.swift */; };
/* End PBXBuildFile section */

/* Begin PBXContainerItemProxy section */
		8C0393EA237D664400AB1C95 /* PBXContainerItemProxy */ = {
			isa = PBXContainerItemProxy;
			containerPortal = 8CC5FE432355B3A900D33237 /* Project object */;
			proxyType = 1;
			remoteGlobalIDString = 8C0393DF237D664400AB1C95;
			remoteInfo = "Toggl Track iOS";
		};
		8C039438237D775A00AB1C95 /* PBXContainerItemProxy */ = {
			isa = PBXContainerItemProxy;
			containerPortal = 8CC5FE432355B3A900D33237 /* Project object */;
			proxyType = 1;
			remoteGlobalIDString = 8C0393D2237D661700AB1C95;
			remoteInfo = "Toggl Track WatchOS";
		};
		8CC5FE4F2355B3A900D33237 /* PBXContainerItemProxy */ = {
			isa = PBXContainerItemProxy;
			containerPortal = 8CC5FE432355B3A900D33237 /* Project object */;
			proxyType = 1;
			remoteGlobalIDString = 8CC5FE4C2355B3A900D33237;
			remoteInfo = "TogglWatch WatchKit App";
		};
		8CC5FE5E2355B3AB00D33237 /* PBXContainerItemProxy */ = {
			isa = PBXContainerItemProxy;
			containerPortal = 8CC5FE432355B3A900D33237 /* Project object */;
			proxyType = 1;
			remoteGlobalIDString = 8CC5FE5B2355B3AB00D33237;
			remoteInfo = "TogglWatch WatchKit Extension";
		};
/* End PBXContainerItemProxy section */

/* Begin PBXCopyFilesBuildPhase section */
		8C113BB12355EE7B00F8CE88 /* Embed Frameworks */ = {
			isa = PBXCopyFilesBuildPhase;
			buildActionMask = 2147483647;
			dstPath = "";
			dstSubfolderSpec = 10;
			files = (
				8C039437237D775A00AB1C95 /* TogglTrack.framework in Embed Frameworks */,
			);
			name = "Embed Frameworks";
			runOnlyForDeploymentPostprocessing = 0;
		};
		8CC5FE792355B3AC00D33237 /* Embed App Extensions */ = {
			isa = PBXCopyFilesBuildPhase;
			buildActionMask = 2147483647;
			dstPath = "";
			dstSubfolderSpec = 13;
			files = (
				8CC5FE5D2355B3AB00D33237 /* TogglWatch WatchKit Extension.appex in Embed App Extensions */,
			);
			name = "Embed App Extensions";
			runOnlyForDeploymentPostprocessing = 0;
		};
		8CC5FE7D2355B3AC00D33237 /* Embed Watch Content */ = {
			isa = PBXCopyFilesBuildPhase;
			buildActionMask = 2147483647;
			dstPath = "$(CONTENTS_FOLDER_PATH)/Watch";
			dstSubfolderSpec = 16;
			files = (
				8CC5FE4E2355B3A900D33237 /* TogglWatch WatchKit App.app in Embed Watch Content */,
			);
			name = "Embed Watch Content";
			runOnlyForDeploymentPostprocessing = 0;
		};
/* End PBXCopyFilesBuildPhase section */

/* Begin PBXFileReference section */
		8C00AF692384120C001FB22F /* AppReducer.swift */ = {isa = PBXFileReference; lastKnownFileType = sourcecode.swift; path = AppReducer.swift; sourceTree = "<group>"; };
		8C0393D3237D661700AB1C95 /* TogglTrack.framework */ = {isa = PBXFileReference; explicitFileType = wrapper.framework; includeInIndex = 0; path = TogglTrack.framework; sourceTree = BUILT_PRODUCTS_DIR; };
		8C0393D5237D661700AB1C95 /* Toggl_Track_WatchOS.h */ = {isa = PBXFileReference; lastKnownFileType = sourcecode.c.h; path = Toggl_Track_WatchOS.h; sourceTree = "<group>"; };
		8C0393D6237D661700AB1C95 /* Info.plist */ = {isa = PBXFileReference; lastKnownFileType = text.plist.xml; path = Info.plist; sourceTree = "<group>"; };
		8C0393E0237D664400AB1C95 /* TogglTrack.framework */ = {isa = PBXFileReference; explicitFileType = wrapper.framework; includeInIndex = 0; path = TogglTrack.framework; sourceTree = BUILT_PRODUCTS_DIR; };
		8C0393E2237D664400AB1C95 /* Toggl_Track_iOS.h */ = {isa = PBXFileReference; lastKnownFileType = sourcecode.c.h; path = Toggl_Track_iOS.h; sourceTree = "<group>"; };
		8C0393E3237D664400AB1C95 /* Info.plist */ = {isa = PBXFileReference; lastKnownFileType = text.plist.xml; path = Info.plist; sourceTree = "<group>"; };
		8C0393E8237D664400AB1C95 /* Toggl Track iOSTests.xctest */ = {isa = PBXFileReference; explicitFileType = wrapper.cfbundle; includeInIndex = 0; path = "Toggl Track iOSTests.xctest"; sourceTree = BUILT_PRODUCTS_DIR; };
		8C0393EF237D664400AB1C95 /* Info.plist */ = {isa = PBXFileReference; lastKnownFileType = text.plist.xml; path = Info.plist; sourceTree = "<group>"; };
		8C2449702385568700F087E9 /* EntityReducer.swift */ = {isa = PBXFileReference; lastKnownFileType = sourcecode.swift; path = EntityReducer.swift; sourceTree = "<group>"; };
		8C2753E623880E6B00CFF255 /* ArrayExtensions.swift */ = {isa = PBXFileReference; lastKnownFileType = sourcecode.swift; name = ArrayExtensions.swift; path = ../Utils/ArrayExtensions.swift; sourceTree = "<group>"; };
		8C2753EA2388104800CFF255 /* DateExtensions.swift */ = {isa = PBXFileReference; lastKnownFileType = sourcecode.swift; name = DateExtensions.swift; path = ../Utils/DateExtensions.swift; sourceTree = "<group>"; };
		8C3134022383019F0095E309 /* MockKeychain.swift */ = {isa = PBXFileReference; lastKnownFileType = sourcecode.swift; path = MockKeychain.swift; sourceTree = "<group>"; };
		8C3134052383D7C40095E309 /* Task.swift */ = {isa = PBXFileReference; lastKnownFileType = sourcecode.swift; path = Task.swift; sourceTree = "<group>"; };
		8C3B2C9B23619321008295D8 /* API.swift */ = {isa = PBXFileReference; lastKnownFileType = sourcecode.swift; path = API.swift; sourceTree = "<group>"; };
		8C5645BF2379B037002E83B3 /* URLSessionTests.swift */ = {isa = PBXFileReference; lastKnownFileType = sourcecode.swift; path = URLSessionTests.swift; sourceTree = "<group>"; };
		8C5645C12379B049002E83B3 /* EndpointTests.swift */ = {isa = PBXFileReference; lastKnownFileType = sourcecode.swift; path = EndpointTests.swift; sourceTree = "<group>"; };
		8C5645C72379B07B002E83B3 /* URLProtocolMock.swift */ = {isa = PBXFileReference; lastKnownFileType = sourcecode.swift; path = URLProtocolMock.swift; sourceTree = "<group>"; };
		8C5645CB2379B8D4002E83B3 /* FakeURLSession.swift */ = {isa = PBXFileReference; lastKnownFileType = sourcecode.swift; path = FakeURLSession.swift; sourceTree = "<group>"; };
		8C564618237ADE7A002E83B3 /* Info.plist */ = {isa = PBXFileReference; lastKnownFileType = text.plist.xml; path = Info.plist; sourceTree = "<group>"; };
		8C601BC323683BEC00E87BFB /* Errors.swift */ = {isa = PBXFileReference; lastKnownFileType = sourcecode.swift; path = Errors.swift; sourceTree = "<group>"; };
		8C76C1E223685A1A00AA36E5 /* timeentries.txt */ = {isa = PBXFileReference; lastKnownFileType = text; path = timeentries.txt; sourceTree = "<group>"; };
		8C76C1E5236865DC00AA36E5 /* workspaces.txt */ = {isa = PBXFileReference; lastKnownFileType = text; path = workspaces.txt; sourceTree = "<group>"; };
		8C76C1E72368678B00AA36E5 /* projects.txt */ = {isa = PBXFileReference; lastKnownFileType = text; path = projects.txt; sourceTree = "<group>"; };
		8C76C1E9236867A900AA36E5 /* clients.txt */ = {isa = PBXFileReference; lastKnownFileType = text; path = clients.txt; sourceTree = "<group>"; };
		8C76C1EB236867C400AA36E5 /* tags.txt */ = {isa = PBXFileReference; lastKnownFileType = text; path = tags.txt; sourceTree = "<group>"; };
		8C795108238EC09300FBB5D6 /* WrappedListCell.swift */ = {isa = PBXFileReference; lastKnownFileType = sourcecode.swift; path = WrappedListCell.swift; sourceTree = "<group>"; };
		8C79510C238EC40300FBB5D6 /* TagsView.swift */ = {isa = PBXFileReference; lastKnownFileType = sourcecode.swift; path = TagsView.swift; sourceTree = "<group>"; };
		8C79510E238FE0F600FBB5D6 /* ObservableTimer.swift */ = {isa = PBXFileReference; lastKnownFileType = sourcecode.swift; path = ObservableTimer.swift; sourceTree = "<group>"; };
		8C795112238FEC3500FBB5D6 /* ProjectTextView.swift */ = {isa = PBXFileReference; lastKnownFileType = sourcecode.swift; path = ProjectTextView.swift; sourceTree = "<group>"; };
		8C79511423953C6100FBB5D6 /* RangeExtensions.swift */ = {isa = PBXFileReference; lastKnownFileType = sourcecode.swift; path = RangeExtensions.swift; sourceTree = "<group>"; };
		8C79511923967B0800FBB5D6 /* DateService.swift */ = {isa = PBXFileReference; lastKnownFileType = sourcecode.swift; path = DateService.swift; sourceTree = "<group>"; };
		8C79511D23967D1E00FBB5D6 /* MockDateService.swift */ = {isa = PBXFileReference; lastKnownFileType = sourcecode.swift; path = MockDateService.swift; sourceTree = "<group>"; };
		8C88DEAA238BD2CE007D7A09 /* EntityReducerTests.swift */ = {isa = PBXFileReference; lastKnownFileType = sourcecode.swift; path = EntityReducerTests.swift; sourceTree = "<group>"; };
		8C88DEAC238BD340007D7A09 /* AppReducerTests.swift */ = {isa = PBXFileReference; lastKnownFileType = sourcecode.swift; path = AppReducerTests.swift; sourceTree = "<group>"; };
		8C88DEAE238BFA4E007D7A09 /* TimeEntryDetailView.swift */ = {isa = PBXFileReference; lastKnownFileType = sourcecode.swift; path = TimeEntryDetailView.swift; sourceTree = "<group>"; };
		8C88DEB1238D39FD007D7A09 /* ProjectTaskClientTextView.swift */ = {isa = PBXFileReference; lastKnownFileType = sourcecode.swift; path = ProjectTaskClientTextView.swift; sourceTree = "<group>"; };
		8C9686C0236307FD00D7865E /* TimeEntryModel.swift */ = {isa = PBXFileReference; lastKnownFileType = sourcecode.swift; path = TimeEntryModel.swift; sourceTree = "<group>"; };
		8C9686C22366B84700D7865E /* Endpoint.swift */ = {isa = PBXFileReference; lastKnownFileType = sourcecode.swift; path = Endpoint.swift; sourceTree = "<group>"; };
		8C9686C42366E65700D7865E /* URLSessionExtension.swift */ = {isa = PBXFileReference; lastKnownFileType = sourcecode.swift; path = URLSessionExtension.swift; sourceTree = "<group>"; };
		8CA16E79237D7F2400AD5A96 /* APITests.swift */ = {isa = PBXFileReference; lastKnownFileType = sourcecode.swift; path = APITests.swift; sourceTree = "<group>"; };
		8CA16E7C237D7F6300AD5A96 /* MockURLSession.swift */ = {isa = PBXFileReference; lastKnownFileType = sourcecode.swift; path = MockURLSession.swift; sourceTree = "<group>"; };
		8CA16E7F237D9A9500AD5A96 /* LoginView.swift */ = {isa = PBXFileReference; lastKnownFileType = sourcecode.swift; path = LoginView.swift; sourceTree = "<group>"; };
		8CA16E81237DA37B00AD5A96 /* UserAction.swift */ = {isa = PBXFileReference; lastKnownFileType = sourcecode.swift; path = UserAction.swift; sourceTree = "<group>"; };
		8CA39FC1238E617D00000846 /* WrappedListView.swift */ = {isa = PBXFileReference; lastKnownFileType = sourcecode.swift; path = WrappedListView.swift; sourceTree = "<group>"; };
		8CA6EC572382995000F7C9B5 /* UserReducerTests.swift */ = {isa = PBXFileReference; lastKnownFileType = sourcecode.swift; path = UserReducerTests.swift; sourceTree = "<group>"; };
		8CA6EC5A2382A63300F7C9B5 /* MockAPI.swift */ = {isa = PBXFileReference; lastKnownFileType = sourcecode.swift; path = MockAPI.swift; sourceTree = "<group>"; };
		8CA6EC5D2382B9F000F7C9B5 /* ErrorExtensions.swift */ = {isa = PBXFileReference; lastKnownFileType = sourcecode.swift; path = ErrorExtensions.swift; sourceTree = "<group>"; };
		8CA94FF423698A550076BDA4 /* AppState.swift */ = {isa = PBXFileReference; lastKnownFileType = sourcecode.swift; path = AppState.swift; sourceTree = "<group>"; };
		8CA9502C2369E59A0076BDA4 /* Effect.swift */ = {isa = PBXFileReference; lastKnownFileType = sourcecode.swift; path = Effect.swift; sourceTree = "<group>"; };
		8CA9502E2369E5B10076BDA4 /* Reducer.swift */ = {isa = PBXFileReference; lastKnownFileType = sourcecode.swift; path = Reducer.swift; sourceTree = "<group>"; };
		8CA95069237329100076BDA4 /* AppEnvironment.swift */ = {isa = PBXFileReference; lastKnownFileType = sourcecode.swift; path = AppEnvironment.swift; sourceTree = "<group>"; };
		8CA9506C237329440076BDA4 /* AppAction.swift */ = {isa = PBXFileReference; lastKnownFileType = sourcecode.swift; path = AppAction.swift; sourceTree = "<group>"; };
		8CA9508323732DA40076BDA4 /* TimeEntryAction.swift */ = {isa = PBXFileReference; lastKnownFileType = sourcecode.swift; path = TimeEntryAction.swift; sourceTree = "<group>"; };
		8CA9508523732DC10076BDA4 /* EntityAction.swift */ = {isa = PBXFileReference; lastKnownFileType = sourcecode.swift; path = EntityAction.swift; sourceTree = "<group>"; };
		8CA950B523746C400076BDA4 /* HighOrderReducers.swift */ = {isa = PBXFileReference; lastKnownFileType = sourcecode.swift; path = HighOrderReducers.swift; sourceTree = "<group>"; };
		8CC5FE492355B3A900D33237 /* TogglWatch.app */ = {isa = PBXFileReference; explicitFileType = wrapper.application; includeInIndex = 0; path = TogglWatch.app; sourceTree = BUILT_PRODUCTS_DIR; };
		8CC5FE4D2355B3A900D33237 /* TogglWatch WatchKit App.app */ = {isa = PBXFileReference; explicitFileType = wrapper.application; includeInIndex = 0; path = "TogglWatch WatchKit App.app"; sourceTree = BUILT_PRODUCTS_DIR; };
		8CC5FE532355B3A900D33237 /* Base */ = {isa = PBXFileReference; lastKnownFileType = file.storyboard; name = Base; path = Base.lproj/Interface.storyboard; sourceTree = "<group>"; };
		8CC5FE552355B3AB00D33237 /* Assets.xcassets */ = {isa = PBXFileReference; lastKnownFileType = folder.assetcatalog; path = Assets.xcassets; sourceTree = "<group>"; };
		8CC5FE572355B3AB00D33237 /* Info.plist */ = {isa = PBXFileReference; lastKnownFileType = text.plist.xml; path = Info.plist; sourceTree = "<group>"; };
		8CC5FE5C2355B3AB00D33237 /* TogglWatch WatchKit Extension.appex */ = {isa = PBXFileReference; explicitFileType = "wrapper.app-extension"; includeInIndex = 0; path = "TogglWatch WatchKit Extension.appex"; sourceTree = BUILT_PRODUCTS_DIR; };
		8CC5FE612355B3AB00D33237 /* ContentView.swift */ = {isa = PBXFileReference; lastKnownFileType = sourcecode.swift; path = ContentView.swift; sourceTree = "<group>"; };
		8CC5FE632355B3AB00D33237 /* HostingController.swift */ = {isa = PBXFileReference; lastKnownFileType = sourcecode.swift; path = HostingController.swift; sourceTree = "<group>"; };
		8CC5FE652355B3AB00D33237 /* ExtensionDelegate.swift */ = {isa = PBXFileReference; lastKnownFileType = sourcecode.swift; path = ExtensionDelegate.swift; sourceTree = "<group>"; };
		8CC5FE672355B3AB00D33237 /* NotificationController.swift */ = {isa = PBXFileReference; lastKnownFileType = sourcecode.swift; path = NotificationController.swift; sourceTree = "<group>"; };
		8CC5FE692355B3AB00D33237 /* NotificationView.swift */ = {isa = PBXFileReference; lastKnownFileType = sourcecode.swift; path = NotificationView.swift; sourceTree = "<group>"; };
		8CC5FE6B2355B3AB00D33237 /* ComplicationController.swift */ = {isa = PBXFileReference; lastKnownFileType = sourcecode.swift; path = ComplicationController.swift; sourceTree = "<group>"; };
		8CC5FE6D2355B3AC00D33237 /* Assets.xcassets */ = {isa = PBXFileReference; lastKnownFileType = folder.assetcatalog; path = Assets.xcassets; sourceTree = "<group>"; };
		8CC5FE702355B3AC00D33237 /* Preview Assets.xcassets */ = {isa = PBXFileReference; lastKnownFileType = folder.assetcatalog; path = "Preview Assets.xcassets"; sourceTree = "<group>"; };
		8CC5FE722355B3AC00D33237 /* Info.plist */ = {isa = PBXFileReference; lastKnownFileType = text.plist.xml; path = Info.plist; sourceTree = "<group>"; };
		8CC5FE732355B3AC00D33237 /* PushNotificationPayload.apns */ = {isa = PBXFileReference; lastKnownFileType = text; path = PushNotificationPayload.apns; sourceTree = "<group>"; };
		8CC5FE822355B3EF00D33237 /* Store.swift */ = {isa = PBXFileReference; lastKnownFileType = sourcecode.swift; path = Store.swift; sourceTree = "<group>"; };
		8CC5FE8A2355B8CA00D33237 /* TimeEntry.swift */ = {isa = PBXFileReference; lastKnownFileType = sourcecode.swift; path = TimeEntry.swift; sourceTree = "<group>"; };
		8CC5FE8C2355B98C00D33237 /* Project.swift */ = {isa = PBXFileReference; lastKnownFileType = sourcecode.swift; path = Project.swift; sourceTree = "<group>"; };
		8CC5FE8E2355BA7400D33237 /* Workspace.swift */ = {isa = PBXFileReference; lastKnownFileType = sourcecode.swift; path = Workspace.swift; sourceTree = "<group>"; };
		8CC5FE902355BB8E00D33237 /* Tag.swift */ = {isa = PBXFileReference; lastKnownFileType = sourcecode.swift; path = Tag.swift; sourceTree = "<group>"; };
		8CC5FE922355BDB200D33237 /* Client.swift */ = {isa = PBXFileReference; lastKnownFileType = sourcecode.swift; path = Client.swift; sourceTree = "<group>"; };
		8CC5FE962355D77C00D33237 /* Timeline.swift */ = {isa = PBXFileReference; lastKnownFileType = sourcecode.swift; path = Timeline.swift; sourceTree = "<group>"; };
		8CC5FE9B2355E2E700D33237 /* TimeIntervalExtensions.swift */ = {isa = PBXFileReference; lastKnownFileType = sourcecode.swift; path = TimeIntervalExtensions.swift; sourceTree = "<group>"; };
		8CC5FE9E2355E70200D33237 /* TimelineReducer.swift */ = {isa = PBXFileReference; lastKnownFileType = sourcecode.swift; path = TimelineReducer.swift; sourceTree = "<group>"; };
		8CC5FEA32355E74400D33237 /* TimeEntryCellView.swift */ = {isa = PBXFileReference; lastKnownFileType = sourcecode.swift; path = TimeEntryCellView.swift; sourceTree = "<group>"; };
		AC02173F23967C12006441A3 /* RunningTimeEntrySelectorTest.swift */ = {isa = PBXFileReference; lastKnownFileType = sourcecode.swift; path = RunningTimeEntrySelectorTest.swift; sourceTree = "<group>"; };
		AC0217432396A256006441A3 /* RunningTimeEntryView.swift */ = {isa = PBXFileReference; lastKnownFileType = sourcecode.swift; path = RunningTimeEntryView.swift; sourceTree = "<group>"; };
		AC19DC99237D772E0009106D /* User.swift */ = {isa = PBXFileReference; lastKnownFileType = sourcecode.swift; path = User.swift; sourceTree = "<group>"; };
		AC19DC9F237EAB130009106D /* LoginAction.swift */ = {isa = PBXFileReference; lastKnownFileType = sourcecode.swift; path = LoginAction.swift; sourceTree = "<group>"; };
		AC19DCA2237EAC8B0009106D /* LoginReducer.swift */ = {isa = PBXFileReference; lastKnownFileType = sourcecode.swift; path = LoginReducer.swift; sourceTree = "<group>"; };
		AC19DCA5237ED1960009106D /* KeychainService.swift */ = {isa = PBXFileReference; lastKnownFileType = sourcecode.swift; path = KeychainService.swift; sourceTree = "<group>"; };
		ACEAE4AE23858FF7009C7A26 /* TimelineReducerTests.swift */ = {isa = PBXFileReference; lastKnownFileType = sourcecode.swift; path = TimelineReducerTests.swift; sourceTree = "<group>"; };
		ACEAE4B3238694FE009C7A26 /* ReducerErrors.swift */ = {isa = PBXFileReference; lastKnownFileType = sourcecode.swift; path = ReducerErrors.swift; sourceTree = "<group>"; };
		ACEAE4B82386C231009C7A26 /* Memoize.swift */ = {isa = PBXFileReference; lastKnownFileType = sourcecode.swift; path = Memoize.swift; sourceTree = "<group>"; };
		ACEAE4BE2388400A009C7A26 /* ColorExtension.swift */ = {isa = PBXFileReference; lastKnownFileType = sourcecode.swift; path = ColorExtension.swift; sourceTree = "<group>"; };
/* End PBXFileReference section */

/* Begin PBXFrameworksBuildPhase section */
		8C0393D0237D661700AB1C95 /* Frameworks */ = {
			isa = PBXFrameworksBuildPhase;
			buildActionMask = 2147483647;
			files = (
			);
			runOnlyForDeploymentPostprocessing = 0;
		};
		8C0393DD237D664400AB1C95 /* Frameworks */ = {
			isa = PBXFrameworksBuildPhase;
			buildActionMask = 2147483647;
			files = (
			);
			runOnlyForDeploymentPostprocessing = 0;
		};
		8C0393E5237D664400AB1C95 /* Frameworks */ = {
			isa = PBXFrameworksBuildPhase;
			buildActionMask = 2147483647;
			files = (
				8C0393E9237D664400AB1C95 /* TogglTrack.framework in Frameworks */,
			);
			runOnlyForDeploymentPostprocessing = 0;
		};
		8CC5FE592355B3AB00D33237 /* Frameworks */ = {
			isa = PBXFrameworksBuildPhase;
			buildActionMask = 2147483647;
			files = (
				8C039436237D775A00AB1C95 /* TogglTrack.framework in Frameworks */,
			);
			runOnlyForDeploymentPostprocessing = 0;
		};
/* End PBXFrameworksBuildPhase section */

/* Begin PBXGroup section */
		8C0393CD237D65A000AB1C95 /* TogglTrack */ = {
			isa = PBXGroup;
			children = (
				8C795118239670DF00FBB5D6 /* Environment */,
				8C795101238EC04E00FBB5D6 /* Views */,
				8CA6EC5C2382B9E100F7C9B5 /* Extensions */,
				8CA950A5237425030076BDA4 /* Utils */,
				8C3B2C902361930E008295D8 /* Networking */,
				8C113BCF2355EF4B00F8CE88 /* Architecture */,
				8C113BA62355EE7B00F8CE88 /* Model */,
				8CA9507423732D7A0076BDA4 /* Core */,
			);
			path = TogglTrack;
			sourceTree = "<group>";
		};
		8C0393D4237D661700AB1C95 /* Toggl Track WatchOS */ = {
			isa = PBXGroup;
			children = (
				8C0393D5237D661700AB1C95 /* Toggl_Track_WatchOS.h */,
				8C0393D6237D661700AB1C95 /* Info.plist */,
			);
			path = "Toggl Track WatchOS";
			sourceTree = "<group>";
		};
		8C0393E1237D664400AB1C95 /* Toggl Track iOS */ = {
			isa = PBXGroup;
			children = (
				8C0393E2237D664400AB1C95 /* Toggl_Track_iOS.h */,
				8C0393E3237D664400AB1C95 /* Info.plist */,
			);
			path = "Toggl Track iOS";
			sourceTree = "<group>";
		};
		8C0393EC237D664400AB1C95 /* Toggl Track iOSTests */ = {
			isa = PBXGroup;
			children = (
				AC02173E23967BF6006441A3 /* Selector */,
				8CA6EC562382992400F7C9B5 /* Reducers */,
				8CA16E78237D7F1400AD5A96 /* API */,
				8C5645BE2379B017002E83B3 /* Networking */,
				8C0393EF237D664400AB1C95 /* Info.plist */,
			);
			path = "Toggl Track iOSTests";
			sourceTree = "<group>";
		};
		8C04AB9A237EC4840015B1A6 /* Recovered References */ = {
			isa = PBXGroup;
			children = (
				8CA16E81237DA37B00AD5A96 /* UserAction.swift */,
			);
			name = "Recovered References";
			sourceTree = "<group>";
		};
		8C113BA62355EE7B00F8CE88 /* Model */ = {
			isa = PBXGroup;
			children = (
				8CC5FE8A2355B8CA00D33237 /* TimeEntry.swift */,
				8CC5FE8C2355B98C00D33237 /* Project.swift */,
				8CC5FE8E2355BA7400D33237 /* Workspace.swift */,
				8CC5FE902355BB8E00D33237 /* Tag.swift */,
				8CC5FE922355BDB200D33237 /* Client.swift */,
				8C9686C0236307FD00D7865E /* TimeEntryModel.swift */,
				AC19DC99237D772E0009106D /* User.swift */,
				8C3134052383D7C40095E309 /* Task.swift */,
			);
			path = Model;
			sourceTree = "<group>";
		};
		8C113BCF2355EF4B00F8CE88 /* Architecture */ = {
			isa = PBXGroup;
			children = (
				8CC5FE822355B3EF00D33237 /* Store.swift */,
				8CA9502C2369E59A0076BDA4 /* Effect.swift */,
				8CA9502E2369E5B10076BDA4 /* Reducer.swift */,
				ACEAE4B82386C231009C7A26 /* Memoize.swift */,
			);
			path = Architecture;
			sourceTree = "<group>";
		};
		8C3B2C902361930E008295D8 /* Networking */ = {
			isa = PBXGroup;
			children = (
				8C76C1E1236859FD00AA36E5 /* resources */,
				8C9686C22366B84700D7865E /* Endpoint.swift */,
				8C9686C42366E65700D7865E /* URLSessionExtension.swift */,
				8C5645CB2379B8D4002E83B3 /* FakeURLSession.swift */,
				8C601BC323683BEC00E87BFB /* Errors.swift */,
			);
			path = Networking;
			sourceTree = "<group>";
		};
		8C5645BE2379B017002E83B3 /* Networking */ = {
			isa = PBXGroup;
			children = (
				8C5645C62379B066002E83B3 /* Mocks */,
				8C5645BF2379B037002E83B3 /* URLSessionTests.swift */,
				8C5645C12379B049002E83B3 /* EndpointTests.swift */,
			);
			path = Networking;
			sourceTree = "<group>";
		};
		8C5645C62379B066002E83B3 /* Mocks */ = {
			isa = PBXGroup;
			children = (
				8C5645C72379B07B002E83B3 /* URLProtocolMock.swift */,
			);
			path = Mocks;
			sourceTree = "<group>";
		};
		8C601BB723683B1C00E87BFB /* TogglAPI */ = {
			isa = PBXGroup;
			children = (
				8C3B2C9B23619321008295D8 /* API.swift */,
			);
			path = TogglAPI;
			sourceTree = "<group>";
		};
		8C76C1E1236859FD00AA36E5 /* resources */ = {
			isa = PBXGroup;
			children = (
				8C76C1E223685A1A00AA36E5 /* timeentries.txt */,
				8C76C1E5236865DC00AA36E5 /* workspaces.txt */,
				8C76C1E72368678B00AA36E5 /* projects.txt */,
				8C76C1E9236867A900AA36E5 /* clients.txt */,
				8C76C1EB236867C400AA36E5 /* tags.txt */,
			);
			path = resources;
			sourceTree = "<group>";
		};
		8C795101238EC04E00FBB5D6 /* Views */ = {
			isa = PBXGroup;
			children = (
				8CA39FC1238E617D00000846 /* WrappedListView.swift */,
				8C795108238EC09300FBB5D6 /* WrappedListCell.swift */,
			);
			path = Views;
			sourceTree = "<group>";
		};
		8C795118239670DF00FBB5D6 /* Environment */ = {
			isa = PBXGroup;
			children = (
				8C601BB723683B1C00E87BFB /* TogglAPI */,
				AC19DCA5237ED1960009106D /* KeychainService.swift */,
				8C79511923967B0800FBB5D6 /* DateService.swift */,
			);
			path = Environment;
			sourceTree = "<group>";
		};
		8C88DEB0238D39E3007D7A09 /* TimeEntry */ = {
			isa = PBXGroup;
			children = (
				8C88DEAE238BFA4E007D7A09 /* TimeEntryDetailView.swift */,
				8CC5FEA32355E74400D33237 /* TimeEntryCellView.swift */,
				8C88DEB1238D39FD007D7A09 /* ProjectTaskClientTextView.swift */,
				8C79510C238EC40300FBB5D6 /* TagsView.swift */,
				8C795112238FEC3500FBB5D6 /* ProjectTextView.swift */,
				AC0217432396A256006441A3 /* RunningTimeEntryView.swift */,
			);
			path = TimeEntry;
			sourceTree = "<group>";
		};
		8CA16E78237D7F1400AD5A96 /* API */ = {
			isa = PBXGroup;
			children = (
				8CA16E7B237D7F5400AD5A96 /* Mocks */,
				8CA16E79237D7F2400AD5A96 /* APITests.swift */,
			);
			path = API;
			sourceTree = "<group>";
		};
		8CA16E7B237D7F5400AD5A96 /* Mocks */ = {
			isa = PBXGroup;
			children = (
				8CA16E7C237D7F6300AD5A96 /* MockURLSession.swift */,
			);
			path = Mocks;
			sourceTree = "<group>";
		};
		8CA16E7E237D9A8800AD5A96 /* Login */ = {
			isa = PBXGroup;
			children = (
				8CA16E7F237D9A9500AD5A96 /* LoginView.swift */,
			);
			path = Login;
			sourceTree = "<group>";
		};
		8CA6EC562382992400F7C9B5 /* Reducers */ = {
			isa = PBXGroup;
			children = (
				8CA6EC592382A62300F7C9B5 /* Mocks */,
				8CA6EC572382995000F7C9B5 /* UserReducerTests.swift */,
				ACEAE4AE23858FF7009C7A26 /* TimelineReducerTests.swift */,
				8C88DEAA238BD2CE007D7A09 /* EntityReducerTests.swift */,
				8C88DEAC238BD340007D7A09 /* AppReducerTests.swift */,
			);
			path = Reducers;
			sourceTree = "<group>";
		};
		8CA6EC592382A62300F7C9B5 /* Mocks */ = {
			isa = PBXGroup;
			children = (
				8CA6EC5A2382A63300F7C9B5 /* MockAPI.swift */,
				8C3134022383019F0095E309 /* MockKeychain.swift */,
				8C79511D23967D1E00FBB5D6 /* MockDateService.swift */,
			);
			path = Mocks;
			sourceTree = "<group>";
		};
		8CA6EC5C2382B9E100F7C9B5 /* Extensions */ = {
			isa = PBXGroup;
			children = (
				8CA6EC5D2382B9F000F7C9B5 /* ErrorExtensions.swift */,
				ACEAE4BE2388400A009C7A26 /* ColorExtension.swift */,
				8CC5FE9B2355E2E700D33237 /* TimeIntervalExtensions.swift */,
				8C2753EA2388104800CFF255 /* DateExtensions.swift */,
				8C2753E623880E6B00CFF255 /* ArrayExtensions.swift */,
			);
			path = Extensions;
			sourceTree = "<group>";
		};
		8CA950162369B43C0076BDA4 /* Views */ = {
			isa = PBXGroup;
			children = (
				8C88DEB0238D39E3007D7A09 /* TimeEntry */,
				8CA16E7E237D9A8800AD5A96 /* Login */,
				8CC5FE962355D77C00D33237 /* Timeline.swift */,
			);
			path = Views;
			sourceTree = "<group>";
		};
		8CA9507423732D7A0076BDA4 /* Core */ = {
			isa = PBXGroup;
			children = (
				8CA95099237417D20076BDA4 /* Reducers */,
				8CA95098237417310076BDA4 /* State */,
				8CA9508223732D900076BDA4 /* Actions */,
				8CA95069237329100076BDA4 /* AppEnvironment.swift */,
			);
			path = Core;
			sourceTree = "<group>";
		};
		8CA9508223732D900076BDA4 /* Actions */ = {
			isa = PBXGroup;
			children = (
				8CA9506C237329440076BDA4 /* AppAction.swift */,
				8CA9508323732DA40076BDA4 /* TimeEntryAction.swift */,
				8CA9508523732DC10076BDA4 /* EntityAction.swift */,
				AC19DC9F237EAB130009106D /* LoginAction.swift */,
			);
			path = Actions;
			sourceTree = "<group>";
		};
		8CA95098237417310076BDA4 /* State */ = {
			isa = PBXGroup;
			children = (
				8CA94FF423698A550076BDA4 /* AppState.swift */,
			);
			path = State;
			sourceTree = "<group>";
		};
		8CA95099237417D20076BDA4 /* Reducers */ = {
			isa = PBXGroup;
			children = (
				ACEAE4B3238694FE009C7A26 /* ReducerErrors.swift */,
				8CC5FE9E2355E70200D33237 /* TimelineReducer.swift */,
				8CA950B523746C400076BDA4 /* HighOrderReducers.swift */,
				AC19DCA2237EAC8B0009106D /* LoginReducer.swift */,
				8C00AF692384120C001FB22F /* AppReducer.swift */,
				8C2449702385568700F087E9 /* EntityReducer.swift */,
			);
			path = Reducers;
			sourceTree = "<group>";
		};
		8CA950A5237425030076BDA4 /* Utils */ = {
			isa = PBXGroup;
			children = (
				8C79510E238FE0F600FBB5D6 /* ObservableTimer.swift */,
				8C79511423953C6100FBB5D6 /* RangeExtensions.swift */,
			);
			path = Utils;
			sourceTree = "<group>";
		};
		8CC5FE422355B3A900D33237 = {
			isa = PBXGroup;
			children = (
				8C564618237ADE7A002E83B3 /* Info.plist */,
				8C0393CD237D65A000AB1C95 /* TogglTrack */,
				8CC5FE512355B3A900D33237 /* TogglWatch WatchKit App */,
				8CC5FE602355B3AB00D33237 /* TogglWatch WatchKit Extension */,
				8C0393D4237D661700AB1C95 /* Toggl Track WatchOS */,
				8C0393E1237D664400AB1C95 /* Toggl Track iOS */,
				8C0393EC237D664400AB1C95 /* Toggl Track iOSTests */,
				8CC5FE4A2355B3A900D33237 /* Products */,
				8CC5FEC52355E8B000D33237 /* Frameworks */,
				8C04AB9A237EC4840015B1A6 /* Recovered References */,
			);
			sourceTree = "<group>";
		};
		8CC5FE4A2355B3A900D33237 /* Products */ = {
			isa = PBXGroup;
			children = (
				8CC5FE492355B3A900D33237 /* TogglWatch.app */,
				8CC5FE4D2355B3A900D33237 /* TogglWatch WatchKit App.app */,
				8CC5FE5C2355B3AB00D33237 /* TogglWatch WatchKit Extension.appex */,
				8C0393D3237D661700AB1C95 /* TogglTrack.framework */,
				8C0393E0237D664400AB1C95 /* TogglTrack.framework */,
				8C0393E8237D664400AB1C95 /* Toggl Track iOSTests.xctest */,
			);
			name = Products;
			sourceTree = "<group>";
		};
		8CC5FE512355B3A900D33237 /* TogglWatch WatchKit App */ = {
			isa = PBXGroup;
			children = (
				8CC5FE522355B3A900D33237 /* Interface.storyboard */,
				8CC5FE552355B3AB00D33237 /* Assets.xcassets */,
				8CC5FE572355B3AB00D33237 /* Info.plist */,
			);
			path = "TogglWatch WatchKit App";
			sourceTree = "<group>";
		};
		8CC5FE602355B3AB00D33237 /* TogglWatch WatchKit Extension */ = {
			isa = PBXGroup;
			children = (
				8CA950162369B43C0076BDA4 /* Views */,
				8CC5FE612355B3AB00D33237 /* ContentView.swift */,
				8CC5FE632355B3AB00D33237 /* HostingController.swift */,
				8CC5FE652355B3AB00D33237 /* ExtensionDelegate.swift */,
				8CC5FE672355B3AB00D33237 /* NotificationController.swift */,
				8CC5FE692355B3AB00D33237 /* NotificationView.swift */,
				8CC5FE6B2355B3AB00D33237 /* ComplicationController.swift */,
				8CC5FE6D2355B3AC00D33237 /* Assets.xcassets */,
				8CC5FE722355B3AC00D33237 /* Info.plist */,
				8CC5FE732355B3AC00D33237 /* PushNotificationPayload.apns */,
				8CC5FE6F2355B3AC00D33237 /* Preview Content */,
			);
			path = "TogglWatch WatchKit Extension";
			sourceTree = "<group>";
		};
		8CC5FE6F2355B3AC00D33237 /* Preview Content */ = {
			isa = PBXGroup;
			children = (
				8CC5FE702355B3AC00D33237 /* Preview Assets.xcassets */,
			);
			path = "Preview Content";
			sourceTree = "<group>";
		};
		8CC5FEC52355E8B000D33237 /* Frameworks */ = {
			isa = PBXGroup;
			children = (
			);
			name = Frameworks;
			sourceTree = "<group>";
		};
		AC02173E23967BF6006441A3 /* Selector */ = {
			isa = PBXGroup;
			children = (
				AC02173F23967C12006441A3 /* RunningTimeEntrySelectorTest.swift */,
			);
			path = Selector;
			sourceTree = "<group>";
		};
/* End PBXGroup section */

/* Begin PBXHeadersBuildPhase section */
		8C0393CE237D661700AB1C95 /* Headers */ = {
			isa = PBXHeadersBuildPhase;
			buildActionMask = 2147483647;
			files = (
				8C0393D7237D661700AB1C95 /* Toggl_Track_WatchOS.h in Headers */,
			);
			runOnlyForDeploymentPostprocessing = 0;
		};
		8C0393DB237D664400AB1C95 /* Headers */ = {
			isa = PBXHeadersBuildPhase;
			buildActionMask = 2147483647;
			files = (
				8C0393F0237D664400AB1C95 /* Toggl_Track_iOS.h in Headers */,
			);
			runOnlyForDeploymentPostprocessing = 0;
		};
/* End PBXHeadersBuildPhase section */

/* Begin PBXNativeTarget section */
		8C0393D2237D661700AB1C95 /* Toggl Track WatchOS */ = {
			isa = PBXNativeTarget;
			buildConfigurationList = 8C0393D8237D661700AB1C95 /* Build configuration list for PBXNativeTarget "Toggl Track WatchOS" */;
			buildPhases = (
				8C0393CE237D661700AB1C95 /* Headers */,
				8C0393CF237D661700AB1C95 /* Sources */,
				8C0393D0237D661700AB1C95 /* Frameworks */,
				8C0393D1237D661700AB1C95 /* Resources */,
			);
			buildRules = (
			);
			dependencies = (
			);
			name = "Toggl Track WatchOS";
			productName = "Toggl Track WatchOS";
			productReference = 8C0393D3237D661700AB1C95 /* TogglTrack.framework */;
			productType = "com.apple.product-type.framework";
		};
		8C0393DF237D664400AB1C95 /* Toggl Track iOS */ = {
			isa = PBXNativeTarget;
			buildConfigurationList = 8C0393F1237D664400AB1C95 /* Build configuration list for PBXNativeTarget "Toggl Track iOS" */;
			buildPhases = (
				8C0393DB237D664400AB1C95 /* Headers */,
				8C0393DC237D664400AB1C95 /* Sources */,
				8C0393DD237D664400AB1C95 /* Frameworks */,
				8C0393DE237D664400AB1C95 /* Resources */,
			);
			buildRules = (
			);
			dependencies = (
			);
			name = "Toggl Track iOS";
			productName = "Toggl Track iOS";
			productReference = 8C0393E0237D664400AB1C95 /* TogglTrack.framework */;
			productType = "com.apple.product-type.framework";
		};
		8C0393E7237D664400AB1C95 /* Toggl Track iOSTests */ = {
			isa = PBXNativeTarget;
			buildConfigurationList = 8C0393F4237D664400AB1C95 /* Build configuration list for PBXNativeTarget "Toggl Track iOSTests" */;
			buildPhases = (
				8C0393E4237D664400AB1C95 /* Sources */,
				8C0393E5237D664400AB1C95 /* Frameworks */,
				8C0393E6237D664400AB1C95 /* Resources */,
			);
			buildRules = (
			);
			dependencies = (
				8C0393EB237D664400AB1C95 /* PBXTargetDependency */,
			);
			name = "Toggl Track iOSTests";
			productName = "Toggl Track iOSTests";
			productReference = 8C0393E8237D664400AB1C95 /* Toggl Track iOSTests.xctest */;
			productType = "com.apple.product-type.bundle.unit-test";
		};
		8CC5FE482355B3A900D33237 /* TogglWatch */ = {
			isa = PBXNativeTarget;
			buildConfigurationList = 8CC5FE7E2355B3AC00D33237 /* Build configuration list for PBXNativeTarget "TogglWatch" */;
			buildPhases = (
				8CC5FE472355B3A900D33237 /* Resources */,
				8CC5FE7D2355B3AC00D33237 /* Embed Watch Content */,
			);
			buildRules = (
			);
			dependencies = (
				8CC5FE502355B3A900D33237 /* PBXTargetDependency */,
			);
			name = TogglWatch;
			productName = TogglWatch;
			productReference = 8CC5FE492355B3A900D33237 /* TogglWatch.app */;
			productType = "com.apple.product-type.application.watchapp2-container";
		};
		8CC5FE4C2355B3A900D33237 /* TogglWatch WatchKit App */ = {
			isa = PBXNativeTarget;
			buildConfigurationList = 8CC5FE7A2355B3AC00D33237 /* Build configuration list for PBXNativeTarget "TogglWatch WatchKit App" */;
			buildPhases = (
				8CC5FE4B2355B3A900D33237 /* Resources */,
				8CC5FE792355B3AC00D33237 /* Embed App Extensions */,
			);
			buildRules = (
			);
			dependencies = (
				8CC5FE5F2355B3AB00D33237 /* PBXTargetDependency */,
			);
			name = "TogglWatch WatchKit App";
			productName = "TogglWatch WatchKit App";
			productReference = 8CC5FE4D2355B3A900D33237 /* TogglWatch WatchKit App.app */;
			productType = "com.apple.product-type.application.watchapp2";
		};
		8CC5FE5B2355B3AB00D33237 /* TogglWatch WatchKit Extension */ = {
			isa = PBXNativeTarget;
			buildConfigurationList = 8CC5FE762355B3AC00D33237 /* Build configuration list for PBXNativeTarget "TogglWatch WatchKit Extension" */;
			buildPhases = (
				8CC5FE582355B3AB00D33237 /* Sources */,
				8CC5FE592355B3AB00D33237 /* Frameworks */,
				8CC5FE5A2355B3AB00D33237 /* Resources */,
				8C113BB12355EE7B00F8CE88 /* Embed Frameworks */,
			);
			buildRules = (
			);
			dependencies = (
				8C039439237D775A00AB1C95 /* PBXTargetDependency */,
			);
			name = "TogglWatch WatchKit Extension";
			productName = "TogglWatch WatchKit Extension";
			productReference = 8CC5FE5C2355B3AB00D33237 /* TogglWatch WatchKit Extension.appex */;
			productType = "com.apple.product-type.watchkit2-extension";
		};
/* End PBXNativeTarget section */

/* Begin PBXProject section */
		8CC5FE432355B3A900D33237 /* Project object */ = {
			isa = PBXProject;
			attributes = {
				LastSwiftUpdateCheck = 1110;
				LastUpgradeCheck = 1110;
				ORGANIZATIONNAME = Toggl;
				TargetAttributes = {
					8C0393D2237D661700AB1C95 = {
						CreatedOnToolsVersion = 11.1;
					};
					8C0393DF237D664400AB1C95 = {
						CreatedOnToolsVersion = 11.1;
					};
					8C0393E7237D664400AB1C95 = {
						CreatedOnToolsVersion = 11.1;
					};
					8CC5FE482355B3A900D33237 = {
						CreatedOnToolsVersion = 11.1;
					};
					8CC5FE4C2355B3A900D33237 = {
						CreatedOnToolsVersion = 11.1;
					};
					8CC5FE5B2355B3AB00D33237 = {
						CreatedOnToolsVersion = 11.1;
					};
				};
			};
			buildConfigurationList = 8CC5FE462355B3A900D33237 /* Build configuration list for PBXProject "TogglWatch" */;
			compatibilityVersion = "Xcode 9.3";
			developmentRegion = en;
			hasScannedForEncodings = 0;
			knownRegions = (
				en,
				Base,
			);
			mainGroup = 8CC5FE422355B3A900D33237;
			productRefGroup = 8CC5FE4A2355B3A900D33237 /* Products */;
			projectDirPath = "";
			projectRoot = "";
			targets = (
				8CC5FE482355B3A900D33237 /* TogglWatch */,
				8CC5FE4C2355B3A900D33237 /* TogglWatch WatchKit App */,
				8CC5FE5B2355B3AB00D33237 /* TogglWatch WatchKit Extension */,
				8C0393D2237D661700AB1C95 /* Toggl Track WatchOS */,
				8C0393DF237D664400AB1C95 /* Toggl Track iOS */,
				8C0393E7237D664400AB1C95 /* Toggl Track iOSTests */,
			);
		};
/* End PBXProject section */

/* Begin PBXResourcesBuildPhase section */
		8C0393D1237D661700AB1C95 /* Resources */ = {
			isa = PBXResourcesBuildPhase;
			buildActionMask = 2147483647;
			files = (
				8C0393FA237D667100AB1C95 /* workspaces.txt in Resources */,
				8C0393F9237D667100AB1C95 /* timeentries.txt in Resources */,
				8C0393FB237D667100AB1C95 /* projects.txt in Resources */,
				8C0393FC237D667100AB1C95 /* clients.txt in Resources */,
				8C0393FD237D667100AB1C95 /* tags.txt in Resources */,
			);
			runOnlyForDeploymentPostprocessing = 0;
		};
		8C0393DE237D664400AB1C95 /* Resources */ = {
			isa = PBXResourcesBuildPhase;
			buildActionMask = 2147483647;
			files = (
				8C039403237D667100AB1C95 /* workspaces.txt in Resources */,
				8C039402237D667100AB1C95 /* timeentries.txt in Resources */,
				8C039404237D667100AB1C95 /* projects.txt in Resources */,
				8C039405237D667100AB1C95 /* clients.txt in Resources */,
				8C039406237D667100AB1C95 /* tags.txt in Resources */,
			);
			runOnlyForDeploymentPostprocessing = 0;
		};
		8C0393E6237D664400AB1C95 /* Resources */ = {
			isa = PBXResourcesBuildPhase;
			buildActionMask = 2147483647;
			files = (
			);
			runOnlyForDeploymentPostprocessing = 0;
		};
		8CC5FE472355B3A900D33237 /* Resources */ = {
			isa = PBXResourcesBuildPhase;
			buildActionMask = 2147483647;
			files = (
			);
			runOnlyForDeploymentPostprocessing = 0;
		};
		8CC5FE4B2355B3A900D33237 /* Resources */ = {
			isa = PBXResourcesBuildPhase;
			buildActionMask = 2147483647;
			files = (
				8CC5FE562355B3AB00D33237 /* Assets.xcassets in Resources */,
				8CC5FE542355B3A900D33237 /* Interface.storyboard in Resources */,
			);
			runOnlyForDeploymentPostprocessing = 0;
		};
		8CC5FE5A2355B3AB00D33237 /* Resources */ = {
			isa = PBXResourcesBuildPhase;
			buildActionMask = 2147483647;
			files = (
				8CC5FE712355B3AC00D33237 /* Preview Assets.xcassets in Resources */,
				8CC5FE6E2355B3AC00D33237 /* Assets.xcassets in Resources */,
			);
			runOnlyForDeploymentPostprocessing = 0;
		};
/* End PBXResourcesBuildPhase section */

/* Begin PBXSourcesBuildPhase section */
		8C0393CF237D661700AB1C95 /* Sources */ = {
			isa = PBXSourcesBuildPhase;
			buildActionMask = 2147483647;
			files = (
				8C79511B23967BA700FBB5D6 /* DateService.swift in Sources */,
				AC19DC9C237D79420009106D /* User.swift in Sources */,
				8C2753EC2388106300CFF255 /* DateExtensions.swift in Sources */,
				AC19DCA3237EAC8B0009106D /* LoginReducer.swift in Sources */,
				8C039414237D667900AB1C95 /* Tag.swift in Sources */,
				8C039416237D667900AB1C95 /* TimeEntryModel.swift in Sources */,
				ACEAE4B4238694FE009C7A26 /* ReducerErrors.swift in Sources */,
				8C0393FE237D667100AB1C95 /* Endpoint.swift in Sources */,
				8C03940C237D667500AB1C95 /* Effect.swift in Sources */,
				8C03941D237D667C00AB1C95 /* API.swift in Sources */,
				8C03940D237D667500AB1C95 /* Reducer.swift in Sources */,
				AC19DCA6237ED1960009106D /* KeychainService.swift in Sources */,
				8C039412237D667900AB1C95 /* Project.swift in Sources */,
				ACEAE4C123884011009C7A26 /* ColorExtension.swift in Sources */,
				8C79510A238EC0A800FBB5D6 /* WrappedListCell.swift in Sources */,
				8C795110238FE10500FBB5D6 /* ObservableTimer.swift in Sources */,
				8C79511623953C6800FBB5D6 /* RangeExtensions.swift in Sources */,
				8C039429237D668B00AB1C95 /* AppAction.swift in Sources */,
				8C039401237D667100AB1C95 /* Errors.swift in Sources */,
				8C039415237D667900AB1C95 /* Client.swift in Sources */,
				8C039400237D667100AB1C95 /* FakeURLSession.swift in Sources */,
				8C3134042383D47C0095E309 /* ErrorExtensions.swift in Sources */,
				8C2753E823880F0E00CFF255 /* ArrayExtensions.swift in Sources */,
				8C03942B237D668B00AB1C95 /* EntityAction.swift in Sources */,
				8C039411237D667900AB1C95 /* TimeEntry.swift in Sources */,
				8C039427237D668500AB1C95 /* AppState.swift in Sources */,
				8C03940B237D667500AB1C95 /* Store.swift in Sources */,
				8C039421237D668000AB1C95 /* TimelineReducer.swift in Sources */,
				8C03942A237D668B00AB1C95 /* TimeEntryAction.swift in Sources */,
				8C00AF6B238412A6001FB22F /* AppReducer.swift in Sources */,
				8C795102238EC05900FBB5D6 /* WrappedListView.swift in Sources */,
				8C88AF4123840F1B00F67EC3 /* Task.swift in Sources */,
				8C0393F7237D666C00AB1C95 /* TimeIntervalExtensions.swift in Sources */,
				8C039422237D668000AB1C95 /* HighOrderReducers.swift in Sources */,
				8CBC9CFA2385598D00A133CF /* EntityReducer.swift in Sources */,
				8C03942D237D668B00AB1C95 /* AppEnvironment.swift in Sources */,
				8C039413237D667900AB1C95 /* Workspace.swift in Sources */,
				ACEAE4BC2386D5F6009C7A26 /* Memoize.swift in Sources */,
				AC19DCA0237EAB130009106D /* LoginAction.swift in Sources */,
				8C0393FF237D667100AB1C95 /* URLSessionExtension.swift in Sources */,
			);
			runOnlyForDeploymentPostprocessing = 0;
		};
		8C0393DC237D664400AB1C95 /* Sources */ = {
			isa = PBXSourcesBuildPhase;
			buildActionMask = 2147483647;
			files = (
				8C79511C23967BA800FBB5D6 /* DateService.swift in Sources */,
				AC19DC9B237D79420009106D /* User.swift in Sources */,
				8C2753ED2388106300CFF255 /* DateExtensions.swift in Sources */,
				AC19DCA4237EAC8B0009106D /* LoginReducer.swift in Sources */,
				8C03941A237D667900AB1C95 /* Tag.swift in Sources */,
				8C03941C237D667900AB1C95 /* TimeEntryModel.swift in Sources */,
				ACEAE4B5238694FE009C7A26 /* ReducerErrors.swift in Sources */,
				8C039407237D667100AB1C95 /* Endpoint.swift in Sources */,
				8C03940F237D667500AB1C95 /* Effect.swift in Sources */,
				8C03941E237D667C00AB1C95 /* API.swift in Sources */,
				8C039410237D667500AB1C95 /* Reducer.swift in Sources */,
				AC19DCA7237ED1960009106D /* KeychainService.swift in Sources */,
				8C039418237D667900AB1C95 /* Project.swift in Sources */,
				ACEAE4C023884010009C7A26 /* ColorExtension.swift in Sources */,
				8C79510B238EC0A800FBB5D6 /* WrappedListCell.swift in Sources */,
				8C795111238FE10600FBB5D6 /* ObservableTimer.swift in Sources */,
				8C79511723953C6900FBB5D6 /* RangeExtensions.swift in Sources */,
				8C03942E237D668B00AB1C95 /* AppAction.swift in Sources */,
				8C03940A237D667100AB1C95 /* Errors.swift in Sources */,
				8C03941B237D667900AB1C95 /* Client.swift in Sources */,
				8C2449722385568700F087E9 /* EntityReducer.swift in Sources */,
				8C039409237D667100AB1C95 /* FakeURLSession.swift in Sources */,
				8C2753E923880F0E00CFF255 /* ArrayExtensions.swift in Sources */,
				8C039430237D668B00AB1C95 /* EntityAction.swift in Sources */,
				8C039417237D667900AB1C95 /* TimeEntry.swift in Sources */,
				8C039428237D668600AB1C95 /* AppState.swift in Sources */,
				8C03940E237D667500AB1C95 /* Store.swift in Sources */,
				8C039425237D668100AB1C95 /* TimelineReducer.swift in Sources */,
				8C03942F237D668B00AB1C95 /* TimeEntryAction.swift in Sources */,
				8C0393F8237D666C00AB1C95 /* TimeIntervalExtensions.swift in Sources */,
				8C795103238EC05A00FBB5D6 /* WrappedListView.swift in Sources */,
				8C00AF6C238412A7001FB22F /* AppReducer.swift in Sources */,
				8C88AF4223840F1B00F67EC3 /* Task.swift in Sources */,
				8C039426237D668100AB1C95 /* HighOrderReducers.swift in Sources */,
				8CA6EC602382BF3900F7C9B5 /* ErrorExtensions.swift in Sources */,
				8C039432237D668B00AB1C95 /* AppEnvironment.swift in Sources */,
				8C039419237D667900AB1C95 /* Workspace.swift in Sources */,
				ACEAE4BD2386D5F7009C7A26 /* Memoize.swift in Sources */,
				AC19DCA1237EAB130009106D /* LoginAction.swift in Sources */,
				8C039408237D667100AB1C95 /* URLSessionExtension.swift in Sources */,
			);
			runOnlyForDeploymentPostprocessing = 0;
		};
		8C0393E4237D664400AB1C95 /* Sources */ = {
			isa = PBXSourcesBuildPhase;
			buildActionMask = 2147483647;
			files = (
				8C039433237D693E00AB1C95 /* URLProtocolMock.swift in Sources */,
				8C79511E23967D1E00FBB5D6 /* MockDateService.swift in Sources */,
				8CA6EC582382995000F7C9B5 /* UserReducerTests.swift in Sources */,
				8C039435237D693E00AB1C95 /* EndpointTests.swift in Sources */,
				ACEAE4AF23858FF7009C7A26 /* TimelineReducerTests.swift in Sources */,
				AC02174023967C12006441A3 /* RunningTimeEntrySelectorTest.swift in Sources */,
				8C3134032383019F0095E309 /* MockKeychain.swift in Sources */,
				8C88DEAB238BD2CE007D7A09 /* EntityReducerTests.swift in Sources */,
				8CA6EC5B2382A63300F7C9B5 /* MockAPI.swift in Sources */,
				8CA16E7A237D7F2400AD5A96 /* APITests.swift in Sources */,
				8CA16E7D237D7F6300AD5A96 /* MockURLSession.swift in Sources */,
				8C039434237D693E00AB1C95 /* URLSessionTests.swift in Sources */,
				8C88DEAD238BD340007D7A09 /* AppReducerTests.swift in Sources */,
			);
			runOnlyForDeploymentPostprocessing = 0;
		};
		8CC5FE582355B3AB00D33237 /* Sources */ = {
			isa = PBXSourcesBuildPhase;
			buildActionMask = 2147483647;
			files = (
				8C795113238FEC3500FBB5D6 /* ProjectTextView.swift in Sources */,
				8CA9509E237418000076BDA4 /* Timeline.swift in Sources */,
				8C88DEAF238BFA4E007D7A09 /* TimeEntryDetailView.swift in Sources */,
				8C88DEB2238D39FD007D7A09 /* ProjectTaskClientTextView.swift in Sources */,
				8CC5FE642355B3AB00D33237 /* HostingController.swift in Sources */,
				8CA16E80237D9A9500AD5A96 /* LoginView.swift in Sources */,
				8CC5FE682355B3AB00D33237 /* NotificationController.swift in Sources */,
				8CC5FE662355B3AB00D33237 /* ExtensionDelegate.swift in Sources */,
				8C24496F2385497100F087E9 /* ContentView.swift in Sources */,
				8CC5FE6A2355B3AB00D33237 /* NotificationView.swift in Sources */,
				8CA9509D237417FD0076BDA4 /* TimeEntryCellView.swift in Sources */,
				8CC5FE6C2355B3AB00D33237 /* ComplicationController.swift in Sources */,
				AC0217442396A256006441A3 /* RunningTimeEntryView.swift in Sources */,
				8C79510D238EC40300FBB5D6 /* TagsView.swift in Sources */,
			);
			runOnlyForDeploymentPostprocessing = 0;
		};
/* End PBXSourcesBuildPhase section */

/* Begin PBXTargetDependency section */
		8C0393EB237D664400AB1C95 /* PBXTargetDependency */ = {
			isa = PBXTargetDependency;
			target = 8C0393DF237D664400AB1C95 /* Toggl Track iOS */;
			targetProxy = 8C0393EA237D664400AB1C95 /* PBXContainerItemProxy */;
		};
		8C039439237D775A00AB1C95 /* PBXTargetDependency */ = {
			isa = PBXTargetDependency;
			target = 8C0393D2237D661700AB1C95 /* Toggl Track WatchOS */;
			targetProxy = 8C039438237D775A00AB1C95 /* PBXContainerItemProxy */;
		};
		8CC5FE502355B3A900D33237 /* PBXTargetDependency */ = {
			isa = PBXTargetDependency;
			target = 8CC5FE4C2355B3A900D33237 /* TogglWatch WatchKit App */;
			targetProxy = 8CC5FE4F2355B3A900D33237 /* PBXContainerItemProxy */;
		};
		8CC5FE5F2355B3AB00D33237 /* PBXTargetDependency */ = {
			isa = PBXTargetDependency;
			target = 8CC5FE5B2355B3AB00D33237 /* TogglWatch WatchKit Extension */;
			targetProxy = 8CC5FE5E2355B3AB00D33237 /* PBXContainerItemProxy */;
		};
/* End PBXTargetDependency section */

/* Begin PBXVariantGroup section */
		8CC5FE522355B3A900D33237 /* Interface.storyboard */ = {
			isa = PBXVariantGroup;
			children = (
				8CC5FE532355B3A900D33237 /* Base */,
			);
			name = Interface.storyboard;
			sourceTree = "<group>";
		};
/* End PBXVariantGroup section */

/* Begin XCBuildConfiguration section */
		8C0393D9237D661700AB1C95 /* Debug */ = {
			isa = XCBuildConfiguration;
			buildSettings = {
				APPLICATION_EXTENSION_API_ONLY = YES;
				CODE_SIGN_STYLE = Automatic;
				CURRENT_PROJECT_VERSION = 1;
				DEFINES_MODULE = YES;
				DEVELOPMENT_TEAM = B227VTMZ94;
				DYLIB_COMPATIBILITY_VERSION = 1;
				DYLIB_CURRENT_VERSION = 1;
				DYLIB_INSTALL_NAME_BASE = "@rpath";
				INFOPLIST_FILE = "Toggl Track WatchOS/Info.plist";
				INSTALL_PATH = "$(LOCAL_LIBRARY_DIR)/Frameworks";
				LD_RUNPATH_SEARCH_PATHS = (
					"$(inherited)",
					"@executable_path/Frameworks",
					"@loader_path/Frameworks",
				);
				PRODUCT_BUNDLE_IDENTIFIER = "com.toggl.toggl-track";
				PRODUCT_NAME = TogglTrack;
				SDKROOT = watchos;
				SKIP_INSTALL = YES;
				SWIFT_VERSION = 5.0;
				TARGETED_DEVICE_FAMILY = 4;
				VERSIONING_SYSTEM = "apple-generic";
				VERSION_INFO_PREFIX = "";
				WATCHOS_DEPLOYMENT_TARGET = 6.0;
			};
			name = Debug;
		};
		8C0393DA237D661700AB1C95 /* Release */ = {
			isa = XCBuildConfiguration;
			buildSettings = {
				APPLICATION_EXTENSION_API_ONLY = YES;
				CODE_SIGN_STYLE = Automatic;
				CURRENT_PROJECT_VERSION = 1;
				DEFINES_MODULE = YES;
				DEVELOPMENT_TEAM = B227VTMZ94;
				DYLIB_COMPATIBILITY_VERSION = 1;
				DYLIB_CURRENT_VERSION = 1;
				DYLIB_INSTALL_NAME_BASE = "@rpath";
				INFOPLIST_FILE = "Toggl Track WatchOS/Info.plist";
				INSTALL_PATH = "$(LOCAL_LIBRARY_DIR)/Frameworks";
				LD_RUNPATH_SEARCH_PATHS = (
					"$(inherited)",
					"@executable_path/Frameworks",
					"@loader_path/Frameworks",
				);
				PRODUCT_BUNDLE_IDENTIFIER = "com.toggl.toggl-track";
				PRODUCT_NAME = TogglTrack;
				SDKROOT = watchos;
				SKIP_INSTALL = YES;
				SWIFT_VERSION = 5.0;
				TARGETED_DEVICE_FAMILY = 4;
				VERSIONING_SYSTEM = "apple-generic";
				VERSION_INFO_PREFIX = "";
				WATCHOS_DEPLOYMENT_TARGET = 6.0;
			};
			name = Release;
		};
		8C0393F2237D664400AB1C95 /* Debug */ = {
			isa = XCBuildConfiguration;
			buildSettings = {
				CODE_SIGN_STYLE = Automatic;
				CURRENT_PROJECT_VERSION = 1;
				DEFINES_MODULE = YES;
				DEVELOPMENT_TEAM = B227VTMZ94;
				DYLIB_COMPATIBILITY_VERSION = 1;
				DYLIB_CURRENT_VERSION = 1;
				DYLIB_INSTALL_NAME_BASE = "@rpath";
				INFOPLIST_FILE = "Toggl Track iOS/Info.plist";
				INSTALL_PATH = "$(LOCAL_LIBRARY_DIR)/Frameworks";
				IPHONEOS_DEPLOYMENT_TARGET = 13.1;
				LD_RUNPATH_SEARCH_PATHS = (
					"$(inherited)",
					"@executable_path/Frameworks",
					"@loader_path/Frameworks",
				);
				PRODUCT_BUNDLE_IDENTIFIER = "com.toggl.toggl-track";
				PRODUCT_NAME = TogglTrack;
				SKIP_INSTALL = YES;
				SWIFT_VERSION = 5.0;
				TARGETED_DEVICE_FAMILY = "1,2";
				VERSIONING_SYSTEM = "apple-generic";
				VERSION_INFO_PREFIX = "";
			};
			name = Debug;
		};
		8C0393F3237D664400AB1C95 /* Release */ = {
			isa = XCBuildConfiguration;
			buildSettings = {
				CODE_SIGN_STYLE = Automatic;
				CURRENT_PROJECT_VERSION = 1;
				DEFINES_MODULE = YES;
				DEVELOPMENT_TEAM = B227VTMZ94;
				DYLIB_COMPATIBILITY_VERSION = 1;
				DYLIB_CURRENT_VERSION = 1;
				DYLIB_INSTALL_NAME_BASE = "@rpath";
				INFOPLIST_FILE = "Toggl Track iOS/Info.plist";
				INSTALL_PATH = "$(LOCAL_LIBRARY_DIR)/Frameworks";
				IPHONEOS_DEPLOYMENT_TARGET = 13.1;
				LD_RUNPATH_SEARCH_PATHS = (
					"$(inherited)",
					"@executable_path/Frameworks",
					"@loader_path/Frameworks",
				);
				PRODUCT_BUNDLE_IDENTIFIER = "com.toggl.toggl-track";
				PRODUCT_NAME = TogglTrack;
				SKIP_INSTALL = YES;
				SWIFT_VERSION = 5.0;
				TARGETED_DEVICE_FAMILY = "1,2";
				VERSIONING_SYSTEM = "apple-generic";
				VERSION_INFO_PREFIX = "";
			};
			name = Release;
		};
		8C0393F5237D664400AB1C95 /* Debug */ = {
			isa = XCBuildConfiguration;
			buildSettings = {
				ALWAYS_EMBED_SWIFT_STANDARD_LIBRARIES = YES;
				CODE_SIGN_STYLE = Automatic;
				DEVELOPMENT_TEAM = B227VTMZ94;
				INFOPLIST_FILE = "Toggl Track iOSTests/Info.plist";
				IPHONEOS_DEPLOYMENT_TARGET = 13.1;
				LD_RUNPATH_SEARCH_PATHS = (
					"$(inherited)",
					"@executable_path/Frameworks",
					"@loader_path/Frameworks",
				);
				PRODUCT_BUNDLE_IDENTIFIER = "com.toggl.Toggl-Track-iOSTests";
				PRODUCT_NAME = "$(TARGET_NAME)";
				SWIFT_VERSION = 5.0;
				TARGETED_DEVICE_FAMILY = "1,2";
			};
			name = Debug;
		};
		8C0393F6237D664400AB1C95 /* Release */ = {
			isa = XCBuildConfiguration;
			buildSettings = {
				ALWAYS_EMBED_SWIFT_STANDARD_LIBRARIES = YES;
				CODE_SIGN_STYLE = Automatic;
				DEVELOPMENT_TEAM = B227VTMZ94;
				INFOPLIST_FILE = "Toggl Track iOSTests/Info.plist";
				IPHONEOS_DEPLOYMENT_TARGET = 13.1;
				LD_RUNPATH_SEARCH_PATHS = (
					"$(inherited)",
					"@executable_path/Frameworks",
					"@loader_path/Frameworks",
				);
				PRODUCT_BUNDLE_IDENTIFIER = "com.toggl.Toggl-Track-iOSTests";
				PRODUCT_NAME = "$(TARGET_NAME)";
				SWIFT_VERSION = 5.0;
				TARGETED_DEVICE_FAMILY = "1,2";
			};
			name = Release;
		};
		8CC5FE742355B3AC00D33237 /* Debug */ = {
			isa = XCBuildConfiguration;
			buildSettings = {
				ALWAYS_SEARCH_USER_PATHS = NO;
				BUNDLE_ID = com.toggl.watch.debug;
				CLANG_ANALYZER_NONNULL = YES;
				CLANG_ANALYZER_NUMBER_OBJECT_CONVERSION = YES_AGGRESSIVE;
				CLANG_CXX_LANGUAGE_STANDARD = "gnu++14";
				CLANG_CXX_LIBRARY = "libc++";
				CLANG_ENABLE_MODULES = YES;
				CLANG_ENABLE_OBJC_ARC = YES;
				CLANG_ENABLE_OBJC_WEAK = YES;
				CLANG_WARN_BLOCK_CAPTURE_AUTORELEASING = YES;
				CLANG_WARN_BOOL_CONVERSION = YES;
				CLANG_WARN_COMMA = YES;
				CLANG_WARN_CONSTANT_CONVERSION = YES;
				CLANG_WARN_DEPRECATED_OBJC_IMPLEMENTATIONS = YES;
				CLANG_WARN_DIRECT_OBJC_ISA_USAGE = YES_ERROR;
				CLANG_WARN_DOCUMENTATION_COMMENTS = YES;
				CLANG_WARN_EMPTY_BODY = YES;
				CLANG_WARN_ENUM_CONVERSION = YES;
				CLANG_WARN_INFINITE_RECURSION = YES;
				CLANG_WARN_INT_CONVERSION = YES;
				CLANG_WARN_NON_LITERAL_NULL_CONVERSION = YES;
				CLANG_WARN_OBJC_IMPLICIT_RETAIN_SELF = YES;
				CLANG_WARN_OBJC_LITERAL_CONVERSION = YES;
				CLANG_WARN_OBJC_ROOT_CLASS = YES_ERROR;
				CLANG_WARN_RANGE_LOOP_ANALYSIS = YES;
				CLANG_WARN_STRICT_PROTOTYPES = YES;
				CLANG_WARN_SUSPICIOUS_MOVE = YES;
				CLANG_WARN_UNGUARDED_AVAILABILITY = YES_AGGRESSIVE;
				CLANG_WARN_UNREACHABLE_CODE = YES;
				CLANG_WARN__DUPLICATE_METHOD_MATCH = YES;
				COPY_PHASE_STRIP = NO;
				DEBUG_INFORMATION_FORMAT = dwarf;
				ENABLE_STRICT_OBJC_MSGSEND = YES;
				ENABLE_TESTABILITY = YES;
				GCC_C_LANGUAGE_STANDARD = gnu11;
				GCC_DYNAMIC_NO_PIC = NO;
				GCC_NO_COMMON_BLOCKS = YES;
				GCC_OPTIMIZATION_LEVEL = 0;
				GCC_PREPROCESSOR_DEFINITIONS = (
					"DEBUG=1",
					"$(inherited)",
				);
				GCC_WARN_64_TO_32_BIT_CONVERSION = YES;
				GCC_WARN_ABOUT_RETURN_TYPE = YES_ERROR;
				GCC_WARN_UNDECLARED_SELECTOR = YES;
				GCC_WARN_UNINITIALIZED_AUTOS = YES_AGGRESSIVE;
				GCC_WARN_UNUSED_FUNCTION = YES;
				GCC_WARN_UNUSED_VARIABLE = YES;
				MTL_ENABLE_DEBUG_INFO = INCLUDE_SOURCE;
				MTL_FAST_MATH = YES;
				ONLY_ACTIVE_ARCH = YES;
				SDKROOT = iphoneos;
				SWIFT_ACTIVE_COMPILATION_CONDITIONS = DEBUG;
				SWIFT_OPTIMIZATION_LEVEL = "-Onone";
			};
			name = Debug;
		};
		8CC5FE752355B3AC00D33237 /* Release */ = {
			isa = XCBuildConfiguration;
			buildSettings = {
				ALWAYS_SEARCH_USER_PATHS = NO;
				BUNDLE_ID = com.toggl.watch;
				CLANG_ANALYZER_NONNULL = YES;
				CLANG_ANALYZER_NUMBER_OBJECT_CONVERSION = YES_AGGRESSIVE;
				CLANG_CXX_LANGUAGE_STANDARD = "gnu++14";
				CLANG_CXX_LIBRARY = "libc++";
				CLANG_ENABLE_MODULES = YES;
				CLANG_ENABLE_OBJC_ARC = YES;
				CLANG_ENABLE_OBJC_WEAK = YES;
				CLANG_WARN_BLOCK_CAPTURE_AUTORELEASING = YES;
				CLANG_WARN_BOOL_CONVERSION = YES;
				CLANG_WARN_COMMA = YES;
				CLANG_WARN_CONSTANT_CONVERSION = YES;
				CLANG_WARN_DEPRECATED_OBJC_IMPLEMENTATIONS = YES;
				CLANG_WARN_DIRECT_OBJC_ISA_USAGE = YES_ERROR;
				CLANG_WARN_DOCUMENTATION_COMMENTS = YES;
				CLANG_WARN_EMPTY_BODY = YES;
				CLANG_WARN_ENUM_CONVERSION = YES;
				CLANG_WARN_INFINITE_RECURSION = YES;
				CLANG_WARN_INT_CONVERSION = YES;
				CLANG_WARN_NON_LITERAL_NULL_CONVERSION = YES;
				CLANG_WARN_OBJC_IMPLICIT_RETAIN_SELF = YES;
				CLANG_WARN_OBJC_LITERAL_CONVERSION = YES;
				CLANG_WARN_OBJC_ROOT_CLASS = YES_ERROR;
				CLANG_WARN_RANGE_LOOP_ANALYSIS = YES;
				CLANG_WARN_STRICT_PROTOTYPES = YES;
				CLANG_WARN_SUSPICIOUS_MOVE = YES;
				CLANG_WARN_UNGUARDED_AVAILABILITY = YES_AGGRESSIVE;
				CLANG_WARN_UNREACHABLE_CODE = YES;
				CLANG_WARN__DUPLICATE_METHOD_MATCH = YES;
				COPY_PHASE_STRIP = NO;
				DEBUG_INFORMATION_FORMAT = "dwarf-with-dsym";
				ENABLE_NS_ASSERTIONS = NO;
				ENABLE_STRICT_OBJC_MSGSEND = YES;
				GCC_C_LANGUAGE_STANDARD = gnu11;
				GCC_NO_COMMON_BLOCKS = YES;
				GCC_WARN_64_TO_32_BIT_CONVERSION = YES;
				GCC_WARN_ABOUT_RETURN_TYPE = YES_ERROR;
				GCC_WARN_UNDECLARED_SELECTOR = YES;
				GCC_WARN_UNINITIALIZED_AUTOS = YES_AGGRESSIVE;
				GCC_WARN_UNUSED_FUNCTION = YES;
				GCC_WARN_UNUSED_VARIABLE = YES;
				MTL_ENABLE_DEBUG_INFO = NO;
				MTL_FAST_MATH = YES;
				SDKROOT = iphoneos;
				SWIFT_COMPILATION_MODE = wholemodule;
				SWIFT_OPTIMIZATION_LEVEL = "-O";
				VALIDATE_PRODUCT = YES;
			};
			name = Release;
		};
		8CC5FE772355B3AC00D33237 /* Debug */ = {
			isa = XCBuildConfiguration;
			buildSettings = {
				ASSETCATALOG_COMPILER_COMPLICATION_NAME = Complication;
				CODE_SIGN_IDENTITY = "iPhone Developer";
				CODE_SIGN_STYLE = Manual;
				CURRENT_PROJECT_VERSION = "From CI Script";
				DEVELOPMENT_ASSET_PATHS = "\"TogglWatch WatchKit Extension/Preview Content\"";
				DEVELOPMENT_TEAM = B227VTMZ94;
				ENABLE_PREVIEWS = YES;
				INFOPLIST_FILE = "TogglWatch WatchKit Extension/Info.plist";
				LD_RUNPATH_SEARCH_PATHS = (
					"$(inherited)",
					"@executable_path/Frameworks",
					"@executable_path/../../Frameworks",
				);
				PRODUCT_BUNDLE_IDENTIFIER = "$(BUNDLE_ID).watchkit.extension";
				PRODUCT_NAME = "${TARGET_NAME}";
				PROVISIONING_PROFILE_SPECIFIER = "Toggl Watch Extension Development";
				SDKROOT = watchos;
				SKIP_INSTALL = YES;
				SWIFT_VERSION = 5.0;
				TARGETED_DEVICE_FAMILY = 4;
				WATCHOS_DEPLOYMENT_TARGET = 6.0;
			};
			name = Debug;
		};
		8CC5FE782355B3AC00D33237 /* Release */ = {
			isa = XCBuildConfiguration;
			buildSettings = {
				ASSETCATALOG_COMPILER_COMPLICATION_NAME = Complication;
				CODE_SIGN_IDENTITY = "iPhone Distribution";
				CODE_SIGN_STYLE = Manual;
				CURRENT_PROJECT_VERSION = "From CI Script";
				DEVELOPMENT_ASSET_PATHS = "\"TogglWatch WatchKit Extension/Preview Content\"";
				DEVELOPMENT_TEAM = B227VTMZ94;
				ENABLE_PREVIEWS = YES;
				INFOPLIST_FILE = "TogglWatch WatchKit Extension/Info.plist";
				LD_RUNPATH_SEARCH_PATHS = (
					"$(inherited)",
					"@executable_path/Frameworks",
					"@executable_path/../../Frameworks",
				);
				PRODUCT_BUNDLE_IDENTIFIER = "$(BUNDLE_ID).watchkit.extension";
				PRODUCT_NAME = "${TARGET_NAME}";
				PROVISIONING_PROFILE_SPECIFIER = "Toggl Watch Extension Distribution";
				SDKROOT = watchos;
				SKIP_INSTALL = YES;
				SWIFT_VERSION = 5.0;
				TARGETED_DEVICE_FAMILY = 4;
				WATCHOS_DEPLOYMENT_TARGET = 6.0;
			};
			name = Release;
		};
		8CC5FE7B2355B3AC00D33237 /* Debug */ = {
			isa = XCBuildConfiguration;
			buildSettings = {
				ALWAYS_EMBED_SWIFT_STANDARD_LIBRARIES = YES;
				ASSETCATALOG_COMPILER_APPICON_NAME = AppIcon;
				CODE_SIGN_IDENTITY = "iPhone Developer";
				CODE_SIGN_STYLE = Manual;
				CURRENT_PROJECT_VERSION = "From CI Script";
				DEVELOPMENT_TEAM = B227VTMZ94;
				IBSC_MODULE = TogglWatch_WatchKit_Extension;
				INFOPLIST_FILE = "TogglWatch WatchKit App/Info.plist";
				PRODUCT_BUNDLE_IDENTIFIER = "$(BUNDLE_ID).watchkit";
				PRODUCT_NAME = "$(TARGET_NAME)";
				PROVISIONING_PROFILE_SPECIFIER = "Toggl Watch App Development";
				SDKROOT = watchos;
				SKIP_INSTALL = YES;
				SWIFT_VERSION = 5.0;
				TARGETED_DEVICE_FAMILY = 4;
				WATCHOS_DEPLOYMENT_TARGET = 6.0;
			};
			name = Debug;
		};
		8CC5FE7C2355B3AC00D33237 /* Release */ = {
			isa = XCBuildConfiguration;
			buildSettings = {
				ALWAYS_EMBED_SWIFT_STANDARD_LIBRARIES = YES;
				ASSETCATALOG_COMPILER_APPICON_NAME = AppIcon;
				CODE_SIGN_IDENTITY = "iPhone Distribution";
				CODE_SIGN_STYLE = Manual;
				CURRENT_PROJECT_VERSION = "From CI Script";
				DEVELOPMENT_TEAM = B227VTMZ94;
				IBSC_MODULE = TogglWatch_WatchKit_Extension;
				INFOPLIST_FILE = "TogglWatch WatchKit App/Info.plist";
				PRODUCT_BUNDLE_IDENTIFIER = "$(BUNDLE_ID).watchkit";
				PRODUCT_NAME = "$(TARGET_NAME)";
				PROVISIONING_PROFILE_SPECIFIER = "Toggl Watch App Distribution";
				SDKROOT = watchos;
				SKIP_INSTALL = YES;
				SWIFT_VERSION = 5.0;
				TARGETED_DEVICE_FAMILY = 4;
				WATCHOS_DEPLOYMENT_TARGET = 6.0;
			};
			name = Release;
		};
		8CC5FE7F2355B3AC00D33237 /* Debug */ = {
			isa = XCBuildConfiguration;
			buildSettings = {
				CODE_SIGN_IDENTITY = "iPhone Developer";
				CODE_SIGN_STYLE = Manual;
				CURRENT_PROJECT_VERSION = "From CI Script";
				DEVELOPMENT_TEAM = B227VTMZ94;
				INFOPLIST_FILE = Info.plist;
				MARKETING_VERSION = 1.0;
				PRODUCT_BUNDLE_IDENTIFIER = "$(BUNDLE_ID)";
				PRODUCT_NAME = "$(TARGET_NAME)";
				PROVISIONING_PROFILE_SPECIFIER = "Toggl Watch Wrapper Development";
				SWIFT_VERSION = 5.0;
			};
			name = Debug;
		};
		8CC5FE802355B3AC00D33237 /* Release */ = {
			isa = XCBuildConfiguration;
			buildSettings = {
				CODE_SIGN_IDENTITY = "iPhone Distribution";
				CODE_SIGN_STYLE = Manual;
				CURRENT_PROJECT_VERSION = "From CI Script";
				DEVELOPMENT_TEAM = B227VTMZ94;
				INFOPLIST_FILE = Info.plist;
				MARKETING_VERSION = 1.0;
				PRODUCT_BUNDLE_IDENTIFIER = "$(BUNDLE_ID)";
				PRODUCT_NAME = "$(TARGET_NAME)";
				PROVISIONING_PROFILE_SPECIFIER = "Toggl Watch Wrapper Disitribution";
				SWIFT_VERSION = 5.0;
			};
			name = Release;
		};
/* End XCBuildConfiguration section */

/* Begin XCConfigurationList section */
		8C0393D8237D661700AB1C95 /* Build configuration list for PBXNativeTarget "Toggl Track WatchOS" */ = {
			isa = XCConfigurationList;
			buildConfigurations = (
				8C0393D9237D661700AB1C95 /* Debug */,
				8C0393DA237D661700AB1C95 /* Release */,
			);
			defaultConfigurationIsVisible = 0;
			defaultConfigurationName = Release;
		};
		8C0393F1237D664400AB1C95 /* Build configuration list for PBXNativeTarget "Toggl Track iOS" */ = {
			isa = XCConfigurationList;
			buildConfigurations = (
				8C0393F2237D664400AB1C95 /* Debug */,
				8C0393F3237D664400AB1C95 /* Release */,
			);
			defaultConfigurationIsVisible = 0;
			defaultConfigurationName = Release;
		};
		8C0393F4237D664400AB1C95 /* Build configuration list for PBXNativeTarget "Toggl Track iOSTests" */ = {
			isa = XCConfigurationList;
			buildConfigurations = (
				8C0393F5237D664400AB1C95 /* Debug */,
				8C0393F6237D664400AB1C95 /* Release */,
			);
			defaultConfigurationIsVisible = 0;
			defaultConfigurationName = Release;
		};
		8CC5FE462355B3A900D33237 /* Build configuration list for PBXProject "TogglWatch" */ = {
			isa = XCConfigurationList;
			buildConfigurations = (
				8CC5FE742355B3AC00D33237 /* Debug */,
				8CC5FE752355B3AC00D33237 /* Release */,
			);
			defaultConfigurationIsVisible = 0;
			defaultConfigurationName = Release;
		};
		8CC5FE762355B3AC00D33237 /* Build configuration list for PBXNativeTarget "TogglWatch WatchKit Extension" */ = {
			isa = XCConfigurationList;
			buildConfigurations = (
				8CC5FE772355B3AC00D33237 /* Debug */,
				8CC5FE782355B3AC00D33237 /* Release */,
			);
			defaultConfigurationIsVisible = 0;
			defaultConfigurationName = Release;
		};
		8CC5FE7A2355B3AC00D33237 /* Build configuration list for PBXNativeTarget "TogglWatch WatchKit App" */ = {
			isa = XCConfigurationList;
			buildConfigurations = (
				8CC5FE7B2355B3AC00D33237 /* Debug */,
				8CC5FE7C2355B3AC00D33237 /* Release */,
			);
			defaultConfigurationIsVisible = 0;
			defaultConfigurationName = Release;
		};
		8CC5FE7E2355B3AC00D33237 /* Build configuration list for PBXNativeTarget "TogglWatch" */ = {
			isa = XCConfigurationList;
			buildConfigurations = (
				8CC5FE7F2355B3AC00D33237 /* Debug */,
				8CC5FE802355B3AC00D33237 /* Release */,
			);
			defaultConfigurationIsVisible = 0;
			defaultConfigurationName = Release;
		};
/* End XCConfigurationList section */
	};
	rootObject = 8CC5FE432355B3A900D33237 /* Project object */;
}
